// !$*UTF8*$!
{
	archiveVersion = 1;
	classes = {
	};
	objectVersion = 46;
	objects = {

/* Begin PBXBuildFile section */
		01E0DB41EA0410B25964E222 /* registration.c in Sources */ = {isa = PBXBuildFile; fileRef = 75D243FB923BC5787E1DAD91 /* registration.c */; };
		07925661608857C519CE1E55 /* audio.c in Sources */ = {isa = PBXBuildFile; fileRef = 0CC107718FE3ACF385625A90 /* audio.c */; };
		28DCB9949680410908EFD4D5 /* tinyxmlerror.cpp in Sources */ = {isa = PBXBuildFile; fileRef = 8AED12DBC5DC04739E95CD26 /* tinyxmlerror.cpp */; };
		31BDF2FF35F01A57F397B1A0 /* loader.c in Sources */ = {isa = PBXBuildFile; fileRef = 6DB6F5871E5EBCA735C51AB6 /* loader.c */; };
		3354709252A5DC905E9FBA46 /* ofxCvShortImage.cpp in Sources */ = {isa = PBXBuildFile; fileRef = 352E9A5BD0759CFD7E473A81 /* ofxCvShortImage.cpp */; };
		40755491CDDD7249B25A1F2D /* ofxXmlSettings.cpp in Sources */ = {isa = PBXBuildFile; fileRef = BA80450995764F8FABAB1604 /* ofxXmlSettings.cpp */; };
		4F535557DDB78E33E89755AB /* ofxKinect.cpp in Sources */ = {isa = PBXBuildFile; fileRef = 01DE814011CA0D31B25C5968 /* ofxKinect.cpp */; };
		688395DF3AD6C8570761DC08 /* ofxCvHaarFinder.cpp in Sources */ = {isa = PBXBuildFile; fileRef = 5979B0032F72969C72BA96C2 /* ofxCvHaarFinder.cpp */; };
		68FE25DEF56B90EDB6DF4EF8 /* ofxCvContourFinder.cpp in Sources */ = {isa = PBXBuildFile; fileRef = BD4D9A1B379E1E09E57786EF /* ofxCvContourFinder.cpp */; };
		72CEEFF669D21538BA336662 /* ofxCvColorImage.cpp in Sources */ = {isa = PBXBuildFile; fileRef = FDC938ECB6BDB8E319F89A40 /* ofxCvColorImage.cpp */; };
		77399DCF819EAE2674D467DF /* ofxCvImage.cpp in Sources */ = {isa = PBXBuildFile; fileRef = 201244234EB9CF0C8DADBA63 /* ofxCvImage.cpp */; };
		8AAF2BA4AFCBEC334841B989 /* tinyxmlparser.cpp in Sources */ = {isa = PBXBuildFile; fileRef = B0FB861B0D843DF212503B18 /* tinyxmlparser.cpp */; };
		92434C5EB6D0EC4486055062 /* flags.c in Sources */ = {isa = PBXBuildFile; fileRef = DB4269E7D40F60C2706EA19A /* flags.c */; };
		93AB204B1A6472C752E821D5 /* cameras.c in Sources */ = {isa = PBXBuildFile; fileRef = F17F078DBC28A70A1EE2A1C0 /* cameras.c */; };
		A1A5D91898173A0D4DC07FA9 /* usb_libusb10.c in Sources */ = {isa = PBXBuildFile; fileRef = 43D57C9FC992DCBAEF2EA7BC /* usb_libusb10.c */; };
		A410FD233F75B688B03CBAE3 /* ofxKinectExtras.cpp in Sources */ = {isa = PBXBuildFile; fileRef = 7E89AAF2D012D80EF30C4926 /* ofxKinectExtras.cpp */; };
		A4126F292AC452BFAA9AF9F6 /* tilt.c in Sources */ = {isa = PBXBuildFile; fileRef = A3CE8537592928E4E15B8A5B /* tilt.c */; };
		B8A4986AE3CFD44755D311C7 /* tinyxml.cpp in Sources */ = {isa = PBXBuildFile; fileRef = 126B1BBACED427BD4F54BC45 /* tinyxml.cpp */; };
		BBAB23CB13894F3D00AA2426 /* GLUT.framework in CopyFiles */ = {isa = PBXBuildFile; fileRef = BBAB23BE13894E4700AA2426 /* GLUT.framework */; };
		BC9D698DFFE25117A83A929B /* ofxCvFloatImage.cpp in Sources */ = {isa = PBXBuildFile; fileRef = DBC4C328B9D4211A1B3EED96 /* ofxCvFloatImage.cpp */; };
		BD008A9DDBF06272F667877B /* keep_alive.c in Sources */ = {isa = PBXBuildFile; fileRef = FF270438131D5E0AA3A2B05F /* keep_alive.c */; };
		BFFEF79AA60E1FB214C0D2D2 /* core.c in Sources */ = {isa = PBXBuildFile; fileRef = 0A2E6090DBFE00DA717E913C /* core.c */; };
		C727BF0E5E2633CADA72FCBC /* ofxCvGrayscaleImage.cpp in Sources */ = {isa = PBXBuildFile; fileRef = 6A1C4B66D3F8667AE633B12A /* ofxCvGrayscaleImage.cpp */; };
		E4328149138ABC9F0047C5CB /* openFrameworksDebug.a in Frameworks */ = {isa = PBXBuildFile; fileRef = E4328148138ABC890047C5CB /* openFrameworksDebug.a */; };
		E45BE97B0E8CC7DD009D7055 /* AGL.framework in Frameworks */ = {isa = PBXBuildFile; fileRef = E45BE9710E8CC7DD009D7055 /* AGL.framework */; };
		E45BE97C0E8CC7DD009D7055 /* ApplicationServices.framework in Frameworks */ = {isa = PBXBuildFile; fileRef = E45BE9720E8CC7DD009D7055 /* ApplicationServices.framework */; };
		E45BE97D0E8CC7DD009D7055 /* AudioToolbox.framework in Frameworks */ = {isa = PBXBuildFile; fileRef = E45BE9730E8CC7DD009D7055 /* AudioToolbox.framework */; };
		E45BE97F0E8CC7DD009D7055 /* CoreAudio.framework in Frameworks */ = {isa = PBXBuildFile; fileRef = E45BE9750E8CC7DD009D7055 /* CoreAudio.framework */; };
		E45BE9800E8CC7DD009D7055 /* CoreFoundation.framework in Frameworks */ = {isa = PBXBuildFile; fileRef = E45BE9760E8CC7DD009D7055 /* CoreFoundation.framework */; };
		E45BE9810E8CC7DD009D7055 /* CoreServices.framework in Frameworks */ = {isa = PBXBuildFile; fileRef = E45BE9770E8CC7DD009D7055 /* CoreServices.framework */; };
		E45BE9830E8CC7DD009D7055 /* OpenGL.framework in Frameworks */ = {isa = PBXBuildFile; fileRef = E45BE9790E8CC7DD009D7055 /* OpenGL.framework */; };
		E45BE9840E8CC7DD009D7055 /* QuickTime.framework in Frameworks */ = {isa = PBXBuildFile; fileRef = E45BE97A0E8CC7DD009D7055 /* QuickTime.framework */; };
		E4B69E200A3A1BDC003C02F2 /* main.cpp in Sources */ = {isa = PBXBuildFile; fileRef = E4B69E1D0A3A1BDC003C02F2 /* main.cpp */; };
		E4B69E210A3A1BDC003C02F2 /* ofApp.cpp in Sources */ = {isa = PBXBuildFile; fileRef = E4B69E1E0A3A1BDC003C02F2 /* ofApp.cpp */; };
		E4C2424710CC5A17004149E2 /* AppKit.framework in Frameworks */ = {isa = PBXBuildFile; fileRef = E4C2424410CC5A17004149E2 /* AppKit.framework */; };
		E4C2424810CC5A17004149E2 /* Cocoa.framework in Frameworks */ = {isa = PBXBuildFile; fileRef = E4C2424510CC5A17004149E2 /* Cocoa.framework */; };
		E4C2424910CC5A17004149E2 /* IOKit.framework in Frameworks */ = {isa = PBXBuildFile; fileRef = E4C2424610CC5A17004149E2 /* IOKit.framework */; };
		E4EB6799138ADC1D00A09F29 /* GLUT.framework in Frameworks */ = {isa = PBXBuildFile; fileRef = BBAB23BE13894E4700AA2426 /* GLUT.framework */; };
		E7E077E515D3B63C0020DFD4 /* CoreVideo.framework in Frameworks */ = {isa = PBXBuildFile; fileRef = E7E077E415D3B63C0020DFD4 /* CoreVideo.framework */; };
		E7E077E815D3B6510020DFD4 /* QTKit.framework in Frameworks */ = {isa = PBXBuildFile; fileRef = E7E077E715D3B6510020DFD4 /* QTKit.framework */; };
		E7F985F815E0DEA3003869B5 /* Accelerate.framework in Frameworks */ = {isa = PBXBuildFile; fileRef = E7F985F515E0DE99003869B5 /* Accelerate.framework */; };
/* End PBXBuildFile section */

/* Begin PBXContainerItemProxy section */
		E4328147138ABC890047C5CB /* PBXContainerItemProxy */ = {
			isa = PBXContainerItemProxy;
			containerPortal = E4328143138ABC890047C5CB /* openFrameworksLib.xcodeproj */;
			proxyType = 2;
			remoteGlobalIDString = E4B27C1510CBEB8E00536013;
			remoteInfo = openFrameworks;
		};
		E4EEB9AB138B136A00A80321 /* PBXContainerItemProxy */ = {
			isa = PBXContainerItemProxy;
			containerPortal = E4328143138ABC890047C5CB /* openFrameworksLib.xcodeproj */;
			proxyType = 1;
			remoteGlobalIDString = E4B27C1410CBEB8E00536013;
			remoteInfo = openFrameworks;
		};
/* End PBXContainerItemProxy section */

/* Begin PBXCopyFilesBuildPhase section */
		E4C2427710CC5ABF004149E2 /* CopyFiles */ = {
			isa = PBXCopyFilesBuildPhase;
			buildActionMask = 2147483647;
			dstPath = "";
			dstSubfolderSpec = 10;
			files = (
				BBAB23CB13894F3D00AA2426 /* GLUT.framework in CopyFiles */,
			);
			runOnlyForDeploymentPostprocessing = 0;
		};
/* End PBXCopyFilesBuildPhase section */

/* Begin PBXFileReference section */
		01663175969F20A6905313BD /* ts.hpp */ = {isa = PBXFileReference; explicitFileType = sourcecode.c.h; fileEncoding = 30; name = ts.hpp; path = ../../../../addons/ofxOpenCv/libs/opencv/include/opencv2/ts/ts.hpp; sourceTree = SOURCE_ROOT; };
		01DE814011CA0D31B25C5968 /* ofxKinect.cpp */ = {isa = PBXFileReference; explicitFileType = sourcecode.cpp.cpp; fileEncoding = 30; name = ofxKinect.cpp; path = ../../../../addons/ofxKinect/src/ofxKinect.cpp; sourceTree = SOURCE_ROOT; };
		0319642DBFE0C2D93F18D467 /* operations.hpp */ = {isa = PBXFileReference; explicitFileType = sourcecode.c.h; fileEncoding = 30; name = operations.hpp; path = ../../../../addons/ofxOpenCv/libs/opencv/include/opencv2/core/operations.hpp; sourceTree = SOURCE_ROOT; };
		0489A6DA69F2BE2E2567CEFD /* legacy.hpp */ = {isa = PBXFileReference; explicitFileType = sourcecode.c.h; fileEncoding = 30; name = legacy.hpp; path = ../../../../addons/ofxOpenCv/libs/opencv/include/opencv2/legacy/legacy.hpp; sourceTree = SOURCE_ROOT; };
		091BD9F852B54F224CE55C83 /* cvwimage.h */ = {isa = PBXFileReference; explicitFileType = sourcecode.c.h; fileEncoding = 30; name = cvwimage.h; path = ../../../../addons/ofxOpenCv/libs/opencv/include/opencv/cvwimage.h; sourceTree = SOURCE_ROOT; };
		0A2E6090DBFE00DA717E913C /* core.c */ = {isa = PBXFileReference; explicitFileType = sourcecode.c.c; fileEncoding = 30; name = core.c; path = ../../../../addons/ofxKinect/libs/libfreenect/src/core.c; sourceTree = SOURCE_ROOT; };
		0BBEE3184EE96F1BB07407E1 /* defines.h */ = {isa = PBXFileReference; explicitFileType = sourcecode.c.h; fileEncoding = 30; name = defines.h; path = ../../../../addons/ofxOpenCv/libs/opencv/include/opencv2/flann/defines.h; sourceTree = SOURCE_ROOT; };
		0BF61C6D492FC715A92A2D77 /* imgproc.hpp */ = {isa = PBXFileReference; explicitFileType = sourcecode.c.h; fileEncoding = 30; name = imgproc.hpp; path = ../../../../addons/ofxOpenCv/libs/opencv/include/opencv2/imgproc/imgproc.hpp; sourceTree = SOURCE_ROOT; };
		0CC107718FE3ACF385625A90 /* audio.c */ = {isa = PBXFileReference; explicitFileType = sourcecode.c.c; fileEncoding = 30; name = audio.c; path = ../../../../addons/ofxKinect/libs/libfreenect/src/audio.c; sourceTree = SOURCE_ROOT; };
		126B1BBACED427BD4F54BC45 /* tinyxml.cpp */ = {isa = PBXFileReference; explicitFileType = sourcecode.cpp.cpp; fileEncoding = 30; name = tinyxml.cpp; path = ../../../../addons/ofxXmlSettings/libs/tinyxml.cpp; sourceTree = SOURCE_ROOT; };
		15ABD763D30FFE5EFBB30630 /* simplex_downhill.h */ = {isa = PBXFileReference; explicitFileType = sourcecode.c.h; fileEncoding = 30; name = simplex_downhill.h; path = ../../../../addons/ofxOpenCv/libs/opencv/include/opencv2/flann/simplex_downhill.h; sourceTree = SOURCE_ROOT; };
		201244234EB9CF0C8DADBA63 /* ofxCvImage.cpp */ = {isa = PBXFileReference; explicitFileType = sourcecode.cpp.cpp; fileEncoding = 30; name = ofxCvImage.cpp; path = ../../../../addons/ofxOpenCv/src/ofxCvImage.cpp; sourceTree = SOURCE_ROOT; };
		24191B8AB71758C1213225CA /* ground_truth.h */ = {isa = PBXFileReference; explicitFileType = sourcecode.c.h; fileEncoding = 30; name = ground_truth.h; path = ../../../../addons/ofxOpenCv/libs/opencv/include/opencv2/flann/ground_truth.h; sourceTree = SOURCE_ROOT; };
		252F8FDE147B7EE6649F9648 /* libusb.h */ = {isa = PBXFileReference; explicitFileType = sourcecode.c.h; fileEncoding = 30; name = libusb.h; path = "../../../../addons/ofxKinect/libs/libusb-1.0/include/libusb-1.0/libusb.h"; sourceTree = SOURCE_ROOT; };
		25AE05BBFD0FC4AEC23958AA /* linear_index.h */ = {isa = PBXFileReference; explicitFileType = sourcecode.c.h; fileEncoding = 30; name = linear_index.h; path = ../../../../addons/ofxOpenCv/libs/opencv/include/opencv2/flann/linear_index.h; sourceTree = SOURCE_ROOT; };
		26E139CF88AC334A010BFD67 /* kdtree_index.h */ = {isa = PBXFileReference; explicitFileType = sourcecode.c.h; fileEncoding = 30; name = kdtree_index.h; path = ../../../../addons/ofxOpenCv/libs/opencv/include/opencv2/flann/kdtree_index.h; sourceTree = SOURCE_ROOT; };
		2A609CCC99733236CA99F9CB /* contrib.hpp */ = {isa = PBXFileReference; explicitFileType = sourcecode.c.h; fileEncoding = 30; name = contrib.hpp; path = ../../../../addons/ofxOpenCv/libs/opencv/include/opencv2/contrib/contrib.hpp; sourceTree = SOURCE_ROOT; };
		2A8706FF384EEE0E597C6DEC /* cameras.h */ = {isa = PBXFileReference; explicitFileType = sourcecode.c.h; fileEncoding = 30; name = cameras.h; path = ../../../../addons/ofxKinect/libs/libfreenect/src/cameras.h; sourceTree = SOURCE_ROOT; };
		2BD8AE3005B29735AA3F7B5F /* version.hpp */ = {isa = PBXFileReference; explicitFileType = sourcecode.c.h; fileEncoding = 30; name = version.hpp; path = ../../../../addons/ofxOpenCv/libs/opencv/include/opencv2/core/version.hpp; sourceTree = SOURCE_ROOT; };
		2C32AA67EFB719DD5E2A82A5 /* lsh_index.h */ = {isa = PBXFileReference; explicitFileType = sourcecode.c.h; fileEncoding = 30; name = lsh_index.h; path = ../../../../addons/ofxOpenCv/libs/opencv/include/opencv2/flann/lsh_index.h; sourceTree = SOURCE_ROOT; };
		2D2254450CD7A0BACA116086 /* registration.h */ = {isa = PBXFileReference; explicitFileType = sourcecode.c.h; fileEncoding = 30; name = registration.h; path = ../../../../addons/ofxKinect/libs/libfreenect/src/registration.h; sourceTree = SOURCE_ROOT; };
		2D5FD97437A34B0A8AAF9AF1 /* stream_accessor.hpp */ = {isa = PBXFileReference; explicitFileType = sourcecode.c.h; fileEncoding = 30; name = stream_accessor.hpp; path = ../../../../addons/ofxOpenCv/libs/opencv/include/opencv2/gpu/stream_accessor.hpp; sourceTree = SOURCE_ROOT; };
		2DF8C1B50CB95E6CBBE2525C /* object_factory.h */ = {isa = PBXFileReference; explicitFileType = sourcecode.c.h; fileEncoding = 30; name = object_factory.h; path = ../../../../addons/ofxOpenCv/libs/opencv/include/opencv2/flann/object_factory.h; sourceTree = SOURCE_ROOT; };
		2ECD723244C50A0B0B788AA9 /* cv.hpp */ = {isa = PBXFileReference; explicitFileType = sourcecode.c.h; fileEncoding = 30; name = cv.hpp; path = ../../../../addons/ofxOpenCv/libs/opencv/include/opencv/cv.hpp; sourceTree = SOURCE_ROOT; };
		2FA66758CB73BB0FF2109040 /* ofxKinectExtras.h */ = {isa = PBXFileReference; explicitFileType = sourcecode.c.h; fileEncoding = 30; name = ofxKinectExtras.h; path = ../../../../addons/ofxKinect/src/extra/ofxKinectExtras.h; sourceTree = SOURCE_ROOT; };
		3072CF64038F784B0DA03C3D /* core.hpp */ = {isa = PBXFileReference; explicitFileType = sourcecode.c.h; fileEncoding = 30; name = core.hpp; path = ../../../../addons/ofxOpenCv/libs/opencv/include/opencv2/core/core.hpp; sourceTree = SOURCE_ROOT; };
		324208382DB6B62127FBB8F5 /* ml.h */ = {isa = PBXFileReference; explicitFileType = sourcecode.c.h; fileEncoding = 30; name = ml.h; path = ../../../../addons/ofxOpenCv/libs/opencv/include/opencv/ml.h; sourceTree = SOURCE_ROOT; };
		352E9A5BD0759CFD7E473A81 /* ofxCvShortImage.cpp */ = {isa = PBXFileReference; explicitFileType = sourcecode.cpp.cpp; fileEncoding = 30; name = ofxCvShortImage.cpp; path = ../../../../addons/ofxOpenCv/src/ofxCvShortImage.cpp; sourceTree = SOURCE_ROOT; };
		36309805C6451B01194DE2B0 /* streams.hpp */ = {isa = PBXFileReference; explicitFileType = sourcecode.c.h; fileEncoding = 30; name = streams.hpp; path = ../../../../addons/ofxOpenCv/libs/opencv/include/opencv2/legacy/streams.hpp; sourceTree = SOURCE_ROOT; };
		375098B2A51FE59B8699CFA4 /* blobtrack.hpp */ = {isa = PBXFileReference; explicitFileType = sourcecode.c.h; fileEncoding = 30; name = blobtrack.hpp; path = ../../../../addons/ofxOpenCv/libs/opencv/include/opencv2/legacy/blobtrack.hpp; sourceTree = SOURCE_ROOT; };
		3AAF8E287CD16F4BDD4588E5 /* ofxCvFloatImage.h */ = {isa = PBXFileReference; explicitFileType = sourcecode.c.h; fileEncoding = 30; name = ofxCvFloatImage.h; path = ../../../../addons/ofxOpenCv/src/ofxCvFloatImage.h; sourceTree = SOURCE_ROOT; };
		3D7A70F87D1069709F634032 /* cxmisc.h */ = {isa = PBXFileReference; explicitFileType = sourcecode.c.h; fileEncoding = 30; name = cxmisc.h; path = ../../../../addons/ofxOpenCv/libs/opencv/include/opencv/cxmisc.h; sourceTree = SOURCE_ROOT; };
		3D95D1838763494176D3A581 /* compat.hpp */ = {isa = PBXFileReference; explicitFileType = sourcecode.c.h; fileEncoding = 30; name = compat.hpp; path = ../../../../addons/ofxOpenCv/libs/opencv/include/opencv2/legacy/compat.hpp; sourceTree = SOURCE_ROOT; };
		3DC3110D58F7DDC9FD8ED66C /* general.h */ = {isa = PBXFileReference; explicitFileType = sourcecode.c.h; fileEncoding = 30; name = general.h; path = ../../../../addons/ofxOpenCv/libs/opencv/include/opencv2/flann/general.h; sourceTree = SOURCE_ROOT; };
		40352CF8B28371F1D67EEC41 /* types_c.h */ = {isa = PBXFileReference; explicitFileType = sourcecode.c.h; fileEncoding = 30; name = types_c.h; path = ../../../../addons/ofxOpenCv/libs/opencv/include/opencv2/imgproc/types_c.h; sourceTree = SOURCE_ROOT; };
		4119AAEF888A28249BC88D90 /* matrix.h */ = {isa = PBXFileReference; explicitFileType = sourcecode.c.h; fileEncoding = 30; name = matrix.h; path = ../../../../addons/ofxOpenCv/libs/opencv/include/opencv2/flann/matrix.h; sourceTree = SOURCE_ROOT; };
		41E266C6F6924DD2E38F6628 /* wimage.hpp */ = {isa = PBXFileReference; explicitFileType = sourcecode.c.h; fileEncoding = 30; name = wimage.hpp; path = ../../../../addons/ofxOpenCv/libs/opencv/include/opencv2/core/wimage.hpp; sourceTree = SOURCE_ROOT; };
		4293FEA79D91A425F7CD7284 /* ml.hpp */ = {isa = PBXFileReference; explicitFileType = sourcecode.c.h; fileEncoding = 30; name = ml.hpp; path = ../../../../addons/ofxOpenCv/libs/opencv/include/opencv2/ml/ml.hpp; sourceTree = SOURCE_ROOT; };
		43D57C9FC992DCBAEF2EA7BC /* usb_libusb10.c */ = {isa = PBXFileReference; explicitFileType = sourcecode.c.c; fileEncoding = 30; name = usb_libusb10.c; path = ../../../../addons/ofxKinect/libs/libfreenect/src/usb_libusb10.c; sourceTree = SOURCE_ROOT; };
		46BA83AF0FD8711B03391C6C /* cv.h */ = {isa = PBXFileReference; explicitFileType = sourcecode.c.h; fileEncoding = 30; name = cv.h; path = ../../../../addons/ofxOpenCv/libs/opencv/include/opencv/cv.h; sourceTree = SOURCE_ROOT; };
		4AE56AE8B2FE1D9B90C77E44 /* objdetect.hpp */ = {isa = PBXFileReference; explicitFileType = sourcecode.c.h; fileEncoding = 30; name = objdetect.hpp; path = ../../../../addons/ofxOpenCv/libs/opencv/include/opencv2/objdetect/objdetect.hpp; sourceTree = SOURCE_ROOT; };
		4B812052E49179DB962FDD2F /* ofxCvShortImage.h */ = {isa = PBXFileReference; explicitFileType = sourcecode.c.h; fileEncoding = 30; name = ofxCvShortImage.h; path = ../../../../addons/ofxOpenCv/src/ofxCvShortImage.h; sourceTree = SOURCE_ROOT; };
		4EA3517E853734C875B61BA9 /* dist.h */ = {isa = PBXFileReference; explicitFileType = sourcecode.c.h; fileEncoding = 30; name = dist.h; path = ../../../../addons/ofxOpenCv/libs/opencv/include/opencv2/flann/dist.h; sourceTree = SOURCE_ROOT; };
		500A2FF9EB17AB31E6D2FD5B /* all_indices.h */ = {isa = PBXFileReference; explicitFileType = sourcecode.c.h; fileEncoding = 30; name = all_indices.h; path = ../../../../addons/ofxOpenCv/libs/opencv/include/opencv2/flann/all_indices.h; sourceTree = SOURCE_ROOT; };
		514B80F26ADAA11D306BF999 /* core_c.h */ = {isa = PBXFileReference; explicitFileType = sourcecode.c.h; fileEncoding = 30; name = core_c.h; path = ../../../../addons/ofxOpenCv/libs/opencv/include/opencv2/core/core_c.h; sourceTree = SOURCE_ROOT; };
		5345F2676265B771BE52B5FA /* miniflann.hpp */ = {isa = PBXFileReference; explicitFileType = sourcecode.c.h; fileEncoding = 30; name = miniflann.hpp; path = ../../../../addons/ofxOpenCv/libs/opencv/include/opencv2/flann/miniflann.hpp; sourceTree = SOURCE_ROOT; };
		55B27C43BD43E1CC2EB0C46F /* ofxBase3DVideo.h */ = {isa = PBXFileReference; explicitFileType = sourcecode.c.h; fileEncoding = 30; name = ofxBase3DVideo.h; path = ../../../../addons/ofxKinect/src/ofxBase3DVideo.h; sourceTree = SOURCE_ROOT; };
		59499529A9703277EB7208BC /* ts_gtest.h */ = {isa = PBXFileReference; explicitFileType = sourcecode.c.h; fileEncoding = 30; name = ts_gtest.h; path = ../../../../addons/ofxOpenCv/libs/opencv/include/opencv2/ts/ts_gtest.h; sourceTree = SOURCE_ROOT; };
		5979B0032F72969C72BA96C2 /* ofxCvHaarFinder.cpp */ = {isa = PBXFileReference; explicitFileType = sourcecode.cpp.cpp; fileEncoding = 30; name = ofxCvHaarFinder.cpp; path = ../../../../addons/ofxOpenCv/src/ofxCvHaarFinder.cpp; sourceTree = SOURCE_ROOT; };
		5A8474A9C78E39604622798E /* ofxCvHaarFinder.h */ = {isa = PBXFileReference; explicitFileType = sourcecode.c.h; fileEncoding = 30; name = ofxCvHaarFinder.h; path = ../../../../addons/ofxOpenCv/src/ofxCvHaarFinder.h; sourceTree = SOURCE_ROOT; };
		600FCBF5DF02CBD68010B924 /* flags.h */ = {isa = PBXFileReference; explicitFileType = sourcecode.c.h; fileEncoding = 30; name = flags.h; path = ../../../../addons/ofxKinect/libs/libfreenect/src/flags.h; sourceTree = SOURCE_ROOT; };
		620DBC625B9553485005CFF8 /* autotuned_index.h */ = {isa = PBXFileReference; explicitFileType = sourcecode.c.h; fileEncoding = 30; name = autotuned_index.h; path = ../../../../addons/ofxOpenCv/libs/opencv/include/opencv2/flann/autotuned_index.h; sourceTree = SOURCE_ROOT; };
		62715729653A084DAD42C640 /* saving.h */ = {isa = PBXFileReference; explicitFileType = sourcecode.c.h; fileEncoding = 30; name = saving.h; path = ../../../../addons/ofxOpenCv/libs/opencv/include/opencv2/flann/saving.h; sourceTree = SOURCE_ROOT; };
		681058F2D314D357B47C5D11 /* matrix_operations.hpp */ = {isa = PBXFileReference; explicitFileType = sourcecode.c.h; fileEncoding = 30; name = matrix_operations.hpp; path = ../../../../addons/ofxOpenCv/libs/opencv/include/opencv2/gpu/matrix_operations.hpp; sourceTree = SOURCE_ROOT; };
		6A1C4B66D3F8667AE633B12A /* ofxCvGrayscaleImage.cpp */ = {isa = PBXFileReference; explicitFileType = sourcecode.cpp.cpp; fileEncoding = 30; name = ofxCvGrayscaleImage.cpp; path = ../../../../addons/ofxOpenCv/src/ofxCvGrayscaleImage.cpp; sourceTree = SOURCE_ROOT; };
		6A7153E0F5EFF5622F1EB21F /* ofxXmlSettings.h */ = {isa = PBXFileReference; explicitFileType = sourcecode.c.h; fileEncoding = 30; name = ofxXmlSettings.h; path = ../../../../addons/ofxXmlSettings/src/ofxXmlSettings.h; sourceTree = SOURCE_ROOT; };
		6DB6F5871E5EBCA735C51AB6 /* loader.c */ = {isa = PBXFileReference; explicitFileType = sourcecode.c.c; fileEncoding = 30; name = loader.c; path = ../../../../addons/ofxKinect/libs/libfreenect/src/loader.c; sourceTree = SOURCE_ROOT; };
		6E0D8E45C53BE25AE12FEFD3 /* mat.hpp */ = {isa = PBXFileReference; explicitFileType = sourcecode.c.h; fileEncoding = 30; name = mat.hpp; path = ../../../../addons/ofxOpenCv/libs/opencv/include/opencv2/core/mat.hpp; sourceTree = SOURCE_ROOT; };
		711D235C75E058A22A07520B /* cxcore.hpp */ = {isa = PBXFileReference; explicitFileType = sourcecode.c.h; fileEncoding = 30; name = cxcore.hpp; path = ../../../../addons/ofxOpenCv/libs/opencv/include/opencv/cxcore.hpp; sourceTree = SOURCE_ROOT; };
		71CAFD24C3D24A42EAFB9345 /* dynamic_bitset.h */ = {isa = PBXFileReference; explicitFileType = sourcecode.c.h; fileEncoding = 30; name = dynamic_bitset.h; path = ../../../../addons/ofxOpenCv/libs/opencv/include/opencv2/flann/dynamic_bitset.h; sourceTree = SOURCE_ROOT; };
		73580A8DF898F8E40E813A23 /* types_c.h */ = {isa = PBXFileReference; explicitFileType = sourcecode.c.h; fileEncoding = 30; name = types_c.h; path = ../../../../addons/ofxOpenCv/libs/opencv/include/opencv2/core/types_c.h; sourceTree = SOURCE_ROOT; };
		75414ECF31440A6DA5B2F180 /* video.hpp */ = {isa = PBXFileReference; explicitFileType = sourcecode.c.h; fileEncoding = 30; name = video.hpp; path = ../../../../addons/ofxOpenCv/libs/opencv/include/opencv2/video/video.hpp; sourceTree = SOURCE_ROOT; };
		75CC20165C9B7D2D6BE68AA9 /* imgproc_c.h */ = {isa = PBXFileReference; explicitFileType = sourcecode.c.h; fileEncoding = 30; name = imgproc_c.h; path = ../../../../addons/ofxOpenCv/libs/opencv/include/opencv2/imgproc/imgproc_c.h; sourceTree = SOURCE_ROOT; };
		75D243FB923BC5787E1DAD91 /* registration.c */ = {isa = PBXFileReference; explicitFileType = sourcecode.c.c; fileEncoding = 30; name = registration.c; path = ../../../../addons/ofxKinect/libs/libfreenect/src/registration.c; sourceTree = SOURCE_ROOT; };
		77924684EB4E194F7D5AEB34 /* kmeans_index.h */ = {isa = PBXFileReference; explicitFileType = sourcecode.c.h; fileEncoding = 30; name = kmeans_index.h; path = ../../../../addons/ofxOpenCv/libs/opencv/include/opencv2/flann/kmeans_index.h; sourceTree = SOURCE_ROOT; };
		7798E79566AB663542F62524 /* composite_index.h */ = {isa = PBXFileReference; explicitFileType = sourcecode.c.h; fileEncoding = 30; name = composite_index.h; path = ../../../../addons/ofxOpenCv/libs/opencv/include/opencv2/flann/composite_index.h; sourceTree = SOURCE_ROOT; };
		77EFFAD5BAEBF32DB956F7AD /* cvaux.hpp */ = {isa = PBXFileReference; explicitFileType = sourcecode.c.h; fileEncoding = 30; name = cvaux.hpp; path = ../../../../addons/ofxOpenCv/libs/opencv/include/opencv/cvaux.hpp; sourceTree = SOURCE_ROOT; };
		78090C405D308CDB638AB19D /* ofxCvGrayscaleImage.h */ = {isa = PBXFileReference; explicitFileType = sourcecode.c.h; fileEncoding = 30; name = ofxCvGrayscaleImage.h; path = ../../../../addons/ofxOpenCv/src/ofxCvGrayscaleImage.h; sourceTree = SOURCE_ROOT; };
		7AF8CE40FB72CC0BAC709AAC /* loader.h */ = {isa = PBXFileReference; explicitFileType = sourcecode.c.h; fileEncoding = 30; name = loader.h; path = ../../../../addons/ofxKinect/libs/libfreenect/src/loader.h; sourceTree = SOURCE_ROOT; };
		7D5571E60DEB08241D06512D /* opencv.hpp */ = {isa = PBXFileReference; explicitFileType = sourcecode.c.h; fileEncoding = 30; name = opencv.hpp; path = ../../../../addons/ofxOpenCv/libs/opencv/include/opencv2/opencv.hpp; sourceTree = SOURCE_ROOT; };
		7DF491C1B1FACBA6A695D7FB /* ofxCvImage.h */ = {isa = PBXFileReference; explicitFileType = sourcecode.c.h; fileEncoding = 30; name = ofxCvImage.h; path = ../../../../addons/ofxOpenCv/src/ofxCvImage.h; sourceTree = SOURCE_ROOT; };
		7E89AAF2D012D80EF30C4926 /* ofxKinectExtras.cpp */ = {isa = PBXFileReference; explicitFileType = sourcecode.cpp.cpp; fileEncoding = 30; name = ofxKinectExtras.cpp; path = ../../../../addons/ofxKinect/src/extra/ofxKinectExtras.cpp; sourceTree = SOURCE_ROOT; };
		838EDA44364C0F0FA30B31F7 /* features2d.hpp */ = {isa = PBXFileReference; explicitFileType = sourcecode.c.h; fileEncoding = 30; name = features2d.hpp; path = ../../../../addons/ofxOpenCv/libs/opencv/include/opencv2/features2d/features2d.hpp; sourceTree = SOURCE_ROOT; };
		84CDC2643B15FE5AF531D5FE /* heap.h */ = {isa = PBXFileReference; explicitFileType = sourcecode.c.h; fileEncoding = 30; name = heap.h; path = ../../../../addons/ofxOpenCv/libs/opencv/include/opencv2/flann/heap.h; sourceTree = SOURCE_ROOT; };
		85A04481D32536B6B6CFB1A6 /* ofxCvContourFinder.h */ = {isa = PBXFileReference; explicitFileType = sourcecode.c.h; fileEncoding = 30; name = ofxCvContourFinder.h; path = ../../../../addons/ofxOpenCv/src/ofxCvContourFinder.h; sourceTree = SOURCE_ROOT; };
		8AE760EACA86FBFC622CF75F /* tracking.hpp */ = {isa = PBXFileReference; explicitFileType = sourcecode.c.h; fileEncoding = 30; name = tracking.hpp; path = ../../../../addons/ofxOpenCv/libs/opencv/include/opencv2/video/tracking.hpp; sourceTree = SOURCE_ROOT; };
		8AED12DBC5DC04739E95CD26 /* tinyxmlerror.cpp */ = {isa = PBXFileReference; explicitFileType = sourcecode.cpp.cpp; fileEncoding = 30; name = tinyxmlerror.cpp; path = ../../../../addons/ofxXmlSettings/libs/tinyxmlerror.cpp; sourceTree = SOURCE_ROOT; };
		8C918C741F5FF041491274A7 /* freenect_internal.h */ = {isa = PBXFileReference; explicitFileType = sourcecode.c.h; fileEncoding = 30; name = freenect_internal.h; path = ../../../../addons/ofxKinect/libs/libfreenect/src/freenect_internal.h; sourceTree = SOURCE_ROOT; };
		8D81C7655767206FFE885B97 /* timer.h */ = {isa = PBXFileReference; explicitFileType = sourcecode.c.h; fileEncoding = 30; name = timer.h; path = ../../../../addons/ofxOpenCv/libs/opencv/include/opencv2/flann/timer.h; sourceTree = SOURCE_ROOT; };
		8FBDBA8D2DCA49DC504F1850 /* tinyxml.h */ = {isa = PBXFileReference; explicitFileType = sourcecode.c.h; fileEncoding = 30; name = tinyxml.h; path = ../../../../addons/ofxXmlSettings/libs/tinyxml.h; sourceTree = SOURCE_ROOT; };
		908A12089054C72DF990E1C2 /* internal.hpp */ = {isa = PBXFileReference; explicitFileType = sourcecode.c.h; fileEncoding = 30; name = internal.hpp; path = ../../../../addons/ofxOpenCv/libs/opencv/include/opencv2/core/internal.hpp; sourceTree = SOURCE_ROOT; };
		934FA1573F8AD838B3589FFE /* usb_libusb10.h */ = {isa = PBXFileReference; explicitFileType = sourcecode.c.h; fileEncoding = 30; name = usb_libusb10.h; path = ../../../../addons/ofxKinect/libs/libfreenect/src/usb_libusb10.h; sourceTree = SOURCE_ROOT; };
		960EC5285F69D95DDC308732 /* highgui.hpp */ = {isa = PBXFileReference; explicitFileType = sourcecode.c.h; fileEncoding = 30; name = highgui.hpp; path = ../../../../addons/ofxOpenCv/libs/opencv/include/opencv2/highgui/highgui.hpp; sourceTree = SOURCE_ROOT; };
		969B1EC199C13767F0E8A567 /* params.h */ = {isa = PBXFileReference; explicitFileType = sourcecode.c.h; fileEncoding = 30; name = params.h; path = ../../../../addons/ofxOpenCv/libs/opencv/include/opencv2/flann/params.h; sourceTree = SOURCE_ROOT; };
		97BEA6FA9EFBBE6BCA49D948 /* gpu.hpp */ = {isa = PBXFileReference; explicitFileType = sourcecode.c.h; fileEncoding = 30; name = gpu.hpp; path = ../../../../addons/ofxOpenCv/libs/opencv/include/opencv2/gpu/gpu.hpp; sourceTree = SOURCE_ROOT; };
		995F42DA1D8A41FBAFC7C7E7 /* highgui.h */ = {isa = PBXFileReference; explicitFileType = sourcecode.c.h; fileEncoding = 30; name = highgui.h; path = ../../../../addons/ofxOpenCv/libs/opencv/include/opencv/highgui.h; sourceTree = SOURCE_ROOT; };
		9A664B8DA061264584FA8568 /* libfreenect_registration.h */ = {isa = PBXFileReference; explicitFileType = sourcecode.c.h; fileEncoding = 30; name = libfreenect_registration.h; path = ../../../../addons/ofxKinect/libs/libfreenect/include/libfreenect_registration.h; sourceTree = SOURCE_ROOT; };
		9AA37E8C5AFBC0E9F5898C31 /* devmem2d.hpp */ = {isa = PBXFileReference; explicitFileType = sourcecode.c.h; fileEncoding = 30; name = devmem2d.hpp; path = ../../../../addons/ofxOpenCv/libs/opencv/include/opencv2/gpu/devmem2d.hpp; sourceTree = SOURCE_ROOT; };
		9B86F4D4398C591C1D448E86 /* eigen.hpp */ = {isa = PBXFileReference; explicitFileType = sourcecode.c.h; fileEncoding = 30; name = eigen.hpp; path = ../../../../addons/ofxOpenCv/libs/opencv/include/opencv2/core/eigen.hpp; sourceTree = SOURCE_ROOT; };
		9BC3A33DDAC043C69A13567C /* highgui_c.h */ = {isa = PBXFileReference; explicitFileType = sourcecode.c.h; fileEncoding = 30; name = highgui_c.h; path = ../../../../addons/ofxOpenCv/libs/opencv/include/opencv2/highgui/highgui_c.h; sourceTree = SOURCE_ROOT; };
		9DD8EA775A59329C3024E386 /* flann.hpp */ = {isa = PBXFileReference; explicitFileType = sourcecode.c.h; fileEncoding = 30; name = flann.hpp; path = ../../../../addons/ofxOpenCv/libs/opencv/include/opencv2/flann/flann.hpp; sourceTree = SOURCE_ROOT; };
		9F7CEF2070456BD44FF7B790 /* gpumat.hpp */ = {isa = PBXFileReference; explicitFileType = sourcecode.c.h; fileEncoding = 30; name = gpumat.hpp; path = ../../../../addons/ofxOpenCv/libs/opencv/include/opencv2/gpu/gpumat.hpp; sourceTree = SOURCE_ROOT; };
		9FA86FC893343B7147D43584 /* keep_alive.h */ = {isa = PBXFileReference; explicitFileType = sourcecode.c.h; fileEncoding = 30; name = keep_alive.h; path = ../../../../addons/ofxKinect/libs/libfreenect/src/keep_alive.h; sourceTree = SOURCE_ROOT; };
		A09FB6E7741FE442A965DFB9 /* retina.hpp */ = {isa = PBXFileReference; explicitFileType = sourcecode.c.h; fileEncoding = 30; name = retina.hpp; path = ../../../../addons/ofxOpenCv/libs/opencv/include/opencv2/contrib/retina.hpp; sourceTree = SOURCE_ROOT; };
		A19926950C6F43B1E5B35215 /* random.h */ = {isa = PBXFileReference; explicitFileType = sourcecode.c.h; fileEncoding = 30; name = random.h; path = ../../../../addons/ofxOpenCv/libs/opencv/include/opencv2/flann/random.h; sourceTree = SOURCE_ROOT; };
		A216FA75041F258DA78F65A8 /* cvaux.h */ = {isa = PBXFileReference; explicitFileType = sourcecode.c.h; fileEncoding = 30; name = cvaux.h; path = ../../../../addons/ofxOpenCv/libs/opencv/include/opencv/cvaux.h; sourceTree = SOURCE_ROOT; };
		A3CE8537592928E4E15B8A5B /* tilt.c */ = {isa = PBXFileReference; explicitFileType = sourcecode.c.c; fileEncoding = 30; name = tilt.c; path = ../../../../addons/ofxKinect/libs/libfreenect/src/tilt.c; sourceTree = SOURCE_ROOT; };
		A68E855441F2BDDA74AA4BAB /* kdtree_single_index.h */ = {isa = PBXFileReference; explicitFileType = sourcecode.c.h; fileEncoding = 30; name = kdtree_single_index.h; path = ../../../../addons/ofxOpenCv/libs/opencv/include/opencv2/flann/kdtree_single_index.h; sourceTree = SOURCE_ROOT; };
		A7C1651149ECDE8BBE641F76 /* logger.h */ = {isa = PBXFileReference; explicitFileType = sourcecode.c.h; fileEncoding = 30; name = logger.h; path = ../../../../addons/ofxOpenCv/libs/opencv/include/opencv2/flann/logger.h; sourceTree = SOURCE_ROOT; };
		A8BFEE6289D49679D3C1ABEA /* flann_base.hpp */ = {isa = PBXFileReference; explicitFileType = sourcecode.c.h; fileEncoding = 30; name = flann_base.hpp; path = ../../../../addons/ofxOpenCv/libs/opencv/include/opencv2/flann/flann_base.hpp; sourceTree = SOURCE_ROOT; };
		ABB9C1E306B83C1166602EE5 /* ofxKinect.h */ = {isa = PBXFileReference; explicitFileType = sourcecode.c.h; fileEncoding = 30; name = ofxKinect.h; path = ../../../../addons/ofxKinect/src/ofxKinect.h; sourceTree = SOURCE_ROOT; };
		AD3950DFDB20D7D7893E855E /* sampling.h */ = {isa = PBXFileReference; explicitFileType = sourcecode.c.h; fileEncoding = 30; name = sampling.h; path = ../../../../addons/ofxOpenCv/libs/opencv/include/opencv2/flann/sampling.h; sourceTree = SOURCE_ROOT; };
		B0D6A0835C30E450BD9DB02D /* cxcore.h */ = {isa = PBXFileReference; explicitFileType = sourcecode.c.h; fileEncoding = 30; name = cxcore.h; path = ../../../../addons/ofxOpenCv/libs/opencv/include/opencv/cxcore.h; sourceTree = SOURCE_ROOT; };
		B0FB861B0D843DF212503B18 /* tinyxmlparser.cpp */ = {isa = PBXFileReference; explicitFileType = sourcecode.cpp.cpp; fileEncoding = 30; name = tinyxmlparser.cpp; path = ../../../../addons/ofxXmlSettings/libs/tinyxmlparser.cpp; sourceTree = SOURCE_ROOT; };
		B5640E3836AEA84E0E07ED84 /* hierarchical_clustering_index.h */ = {isa = PBXFileReference; explicitFileType = sourcecode.c.h; fileEncoding = 30; name = hierarchical_clustering_index.h; path = ../../../../addons/ofxOpenCv/libs/opencv/include/opencv2/flann/hierarchical_clustering_index.h; sourceTree = SOURCE_ROOT; };
		BA80450995764F8FABAB1604 /* ofxXmlSettings.cpp */ = {isa = PBXFileReference; explicitFileType = sourcecode.cpp.cpp; fileEncoding = 30; name = ofxXmlSettings.cpp; path = ../../../../addons/ofxXmlSettings/src/ofxXmlSettings.cpp; sourceTree = SOURCE_ROOT; };
		BBAB23BE13894E4700AA2426 /* GLUT.framework */ = {isa = PBXFileReference; lastKnownFileType = wrapper.framework; name = GLUT.framework; path = ../../../../libs/glut/lib/osx/GLUT.framework; sourceTree = "<group>"; };
		BD4D9A1B379E1E09E57786EF /* ofxCvContourFinder.cpp */ = {isa = PBXFileReference; explicitFileType = sourcecode.cpp.cpp; fileEncoding = 30; name = ofxCvContourFinder.cpp; path = ../../../../addons/ofxOpenCv/src/ofxCvContourFinder.cpp; sourceTree = SOURCE_ROOT; };
		BDA499159407A31B0D3481F7 /* nn_index.h */ = {isa = PBXFileReference; explicitFileType = sourcecode.c.h; fileEncoding = 30; name = nn_index.h; path = ../../../../addons/ofxOpenCv/libs/opencv/include/opencv2/flann/nn_index.h; sourceTree = SOURCE_ROOT; };
		C5D1107ECBFB14E8AC123CF6 /* dummy.h */ = {isa = PBXFileReference; explicitFileType = sourcecode.c.h; fileEncoding = 30; name = dummy.h; path = ../../../../addons/ofxOpenCv/libs/opencv/include/opencv2/flann/dummy.h; sourceTree = SOURCE_ROOT; };
		CA18A19BFFD7FBAC5069F217 /* libfreenect.h */ = {isa = PBXFileReference; explicitFileType = sourcecode.c.h; fileEncoding = 30; name = libfreenect.h; path = ../../../../addons/ofxKinect/libs/libfreenect/include/libfreenect.h; sourceTree = SOURCE_ROOT; };
		CADB3DC9BC56F30B983B15F2 /* ofxCvBlob.h */ = {isa = PBXFileReference; explicitFileType = sourcecode.c.h; fileEncoding = 30; name = ofxCvBlob.h; path = ../../../../addons/ofxOpenCv/src/ofxCvBlob.h; sourceTree = SOURCE_ROOT; };
		CBD606C5B7B81AA162F03EE4 /* ofxCvConstants.h */ = {isa = PBXFileReference; explicitFileType = sourcecode.c.h; fileEncoding = 30; name = ofxCvConstants.h; path = ../../../../addons/ofxOpenCv/src/ofxCvConstants.h; sourceTree = SOURCE_ROOT; };
		D7B5EE8A8B7E3D53A1E2DD3B /* any.h */ = {isa = PBXFileReference; explicitFileType = sourcecode.c.h; fileEncoding = 30; name = any.h; path = ../../../../addons/ofxOpenCv/libs/opencv/include/opencv2/flann/any.h; sourceTree = SOURCE_ROOT; };
		DAF9A3084671F422A4728A92 /* lsh_table.h */ = {isa = PBXFileReference; explicitFileType = sourcecode.c.h; fileEncoding = 30; name = lsh_table.h; path = ../../../../addons/ofxOpenCv/libs/opencv/include/opencv2/flann/lsh_table.h; sourceTree = SOURCE_ROOT; };
		DB4269E7D40F60C2706EA19A /* flags.c */ = {isa = PBXFileReference; explicitFileType = sourcecode.c.c; fileEncoding = 30; name = flags.c; path = ../../../../addons/ofxKinect/libs/libfreenect/src/flags.c; sourceTree = SOURCE_ROOT; };
		DBC4C328B9D4211A1B3EED96 /* ofxCvFloatImage.cpp */ = {isa = PBXFileReference; explicitFileType = sourcecode.cpp.cpp; fileEncoding = 30; name = ofxCvFloatImage.cpp; path = ../../../../addons/ofxOpenCv/src/ofxCvFloatImage.cpp; sourceTree = SOURCE_ROOT; };
		DC194FE303EA0C88C94C75FE /* ofxCvColorImage.h */ = {isa = PBXFileReference; explicitFileType = sourcecode.c.h; fileEncoding = 30; name = ofxCvColorImage.h; path = ../../../../addons/ofxOpenCv/src/ofxCvColorImage.h; sourceTree = SOURCE_ROOT; };
		DCB713C361DB5B555CDA8727 /* allocator.h */ = {isa = PBXFileReference; explicitFileType = sourcecode.c.h; fileEncoding = 30; name = allocator.h; path = ../../../../addons/ofxOpenCv/libs/opencv/include/opencv2/flann/allocator.h; sourceTree = SOURCE_ROOT; };
		DFE8958FFCFB21B4BCDFD12D /* hdf5.h */ = {isa = PBXFileReference; explicitFileType = sourcecode.c.h; fileEncoding = 30; name = hdf5.h; path = ../../../../addons/ofxOpenCv/libs/opencv/include/opencv2/flann/hdf5.h; sourceTree = SOURCE_ROOT; };
		E135AF87ADE60480CC25042F /* config.h */ = {isa = PBXFileReference; explicitFileType = sourcecode.c.h; fileEncoding = 30; name = config.h; path = ../../../../addons/ofxOpenCv/libs/opencv/include/opencv2/flann/config.h; sourceTree = SOURCE_ROOT; };
		E4328143138ABC890047C5CB /* openFrameworksLib.xcodeproj */ = {isa = PBXFileReference; lastKnownFileType = "wrapper.pb-project"; name = openFrameworksLib.xcodeproj; path = ../../../../libs/openFrameworksCompiled/project/osx/openFrameworksLib.xcodeproj; sourceTree = SOURCE_ROOT; };
		E45BE9710E8CC7DD009D7055 /* AGL.framework */ = {isa = PBXFileReference; lastKnownFileType = wrapper.framework; name = AGL.framework; path = /System/Library/Frameworks/AGL.framework; sourceTree = "<absolute>"; };
		E45BE9720E8CC7DD009D7055 /* ApplicationServices.framework */ = {isa = PBXFileReference; lastKnownFileType = wrapper.framework; name = ApplicationServices.framework; path = /System/Library/Frameworks/ApplicationServices.framework; sourceTree = "<absolute>"; };
		E45BE9730E8CC7DD009D7055 /* AudioToolbox.framework */ = {isa = PBXFileReference; lastKnownFileType = wrapper.framework; name = AudioToolbox.framework; path = /System/Library/Frameworks/AudioToolbox.framework; sourceTree = "<absolute>"; };
		E45BE9750E8CC7DD009D7055 /* CoreAudio.framework */ = {isa = PBXFileReference; lastKnownFileType = wrapper.framework; name = CoreAudio.framework; path = /System/Library/Frameworks/CoreAudio.framework; sourceTree = "<absolute>"; };
		E45BE9760E8CC7DD009D7055 /* CoreFoundation.framework */ = {isa = PBXFileReference; lastKnownFileType = wrapper.framework; name = CoreFoundation.framework; path = /System/Library/Frameworks/CoreFoundation.framework; sourceTree = "<absolute>"; };
		E45BE9770E8CC7DD009D7055 /* CoreServices.framework */ = {isa = PBXFileReference; lastKnownFileType = wrapper.framework; name = CoreServices.framework; path = /System/Library/Frameworks/CoreServices.framework; sourceTree = "<absolute>"; };
		E45BE9790E8CC7DD009D7055 /* OpenGL.framework */ = {isa = PBXFileReference; lastKnownFileType = wrapper.framework; name = OpenGL.framework; path = /System/Library/Frameworks/OpenGL.framework; sourceTree = "<absolute>"; };
		E45BE97A0E8CC7DD009D7055 /* QuickTime.framework */ = {isa = PBXFileReference; lastKnownFileType = wrapper.framework; name = QuickTime.framework; path = /System/Library/Frameworks/QuickTime.framework; sourceTree = "<absolute>"; };
		E4B69B5B0A3A1756003C02F2 /* TheArtBosxDebug.app */ = {isa = PBXFileReference; explicitFileType = wrapper.application; includeInIndex = 0; path = TheArtBosxDebug.app; sourceTree = BUILT_PRODUCTS_DIR; };
		E4B69E1D0A3A1BDC003C02F2 /* main.cpp */ = {isa = PBXFileReference; fileEncoding = 30; lastKnownFileType = sourcecode.cpp.cpp; name = main.cpp; path = src/main.cpp; sourceTree = SOURCE_ROOT; };
		E4B69E1E0A3A1BDC003C02F2 /* ofApp.cpp */ = {isa = PBXFileReference; explicitFileType = sourcecode.cpp.cpp; fileEncoding = 30; name = ofApp.cpp; path = src/ofApp.cpp; sourceTree = SOURCE_ROOT; };
		E4B69E1F0A3A1BDC003C02F2 /* ofApp.h */ = {isa = PBXFileReference; fileEncoding = 30; lastKnownFileType = sourcecode.c.h; name = ofApp.h; path = src/ofApp.h; sourceTree = SOURCE_ROOT; };
		E4B6FCAD0C3E899E008CF71C /* openFrameworks-Info.plist */ = {isa = PBXFileReference; fileEncoding = 30; lastKnownFileType = text.plist.xml; path = "openFrameworks-Info.plist"; sourceTree = "<group>"; };
		E4C2424410CC5A17004149E2 /* AppKit.framework */ = {isa = PBXFileReference; lastKnownFileType = wrapper.framework; name = AppKit.framework; path = /System/Library/Frameworks/AppKit.framework; sourceTree = "<absolute>"; };
		E4C2424510CC5A17004149E2 /* Cocoa.framework */ = {isa = PBXFileReference; lastKnownFileType = wrapper.framework; name = Cocoa.framework; path = /System/Library/Frameworks/Cocoa.framework; sourceTree = "<absolute>"; };
		E4C2424610CC5A17004149E2 /* IOKit.framework */ = {isa = PBXFileReference; lastKnownFileType = wrapper.framework; name = IOKit.framework; path = /System/Library/Frameworks/IOKit.framework; sourceTree = "<absolute>"; };
		E4EB691F138AFCF100A09F29 /* CoreOF.xcconfig */ = {isa = PBXFileReference; fileEncoding = 4; lastKnownFileType = text.xcconfig; name = CoreOF.xcconfig; path = ../../../../libs/openFrameworksCompiled/project/osx/CoreOF.xcconfig; sourceTree = SOURCE_ROOT; };
		E4EB6923138AFD0F00A09F29 /* Project.xcconfig */ = {isa = PBXFileReference; fileEncoding = 4; lastKnownFileType = text.xcconfig; path = Project.xcconfig; sourceTree = "<group>"; };
		E7E077E415D3B63C0020DFD4 /* CoreVideo.framework */ = {isa = PBXFileReference; lastKnownFileType = wrapper.framework; name = CoreVideo.framework; path = /System/Library/Frameworks/CoreVideo.framework; sourceTree = "<absolute>"; };
		E7E077E715D3B6510020DFD4 /* QTKit.framework */ = {isa = PBXFileReference; lastKnownFileType = wrapper.framework; name = QTKit.framework; path = /System/Library/Frameworks/QTKit.framework; sourceTree = "<absolute>"; };
		E7F985F515E0DE99003869B5 /* Accelerate.framework */ = {isa = PBXFileReference; lastKnownFileType = wrapper.framework; name = Accelerate.framework; path = /System/Library/Frameworks/Accelerate.framework; sourceTree = "<absolute>"; };
		E9B45AA2524EF54C9C8E1399 /* background_segm.hpp */ = {isa = PBXFileReference; explicitFileType = sourcecode.c.h; fileEncoding = 30; name = background_segm.hpp; path = ../../../../addons/ofxOpenCv/libs/opencv/include/opencv2/video/background_segm.hpp; sourceTree = SOURCE_ROOT; };
		EA03B07F0C65EF74DBB5C757 /* result_set.h */ = {isa = PBXFileReference; explicitFileType = sourcecode.c.h; fileEncoding = 30; name = result_set.h; path = ../../../../addons/ofxOpenCv/libs/opencv/include/opencv2/flann/result_set.h; sourceTree = SOURCE_ROOT; };
		F17A0D694240BE581CC20065 /* cxeigen.hpp */ = {isa = PBXFileReference; explicitFileType = sourcecode.c.h; fileEncoding = 30; name = cxeigen.hpp; path = ../../../../addons/ofxOpenCv/libs/opencv/include/opencv/cxeigen.hpp; sourceTree = SOURCE_ROOT; };
		F17F078DBC28A70A1EE2A1C0 /* cameras.c */ = {isa = PBXFileReference; explicitFileType = sourcecode.c.c; fileEncoding = 30; name = cameras.c; path = ../../../../addons/ofxKinect/libs/libfreenect/src/cameras.c; sourceTree = SOURCE_ROOT; };
		F77125047B3374B2CD915EE2 /* libfreenect_audio.h */ = {isa = PBXFileReference; explicitFileType = sourcecode.c.h; fileEncoding = 30; name = libfreenect_audio.h; path = ../../../../addons/ofxKinect/libs/libfreenect/include/libfreenect_audio.h; sourceTree = SOURCE_ROOT; };
		FA3BC10F8A9B03ACB02732AC /* ofxOpenCv.h */ = {isa = PBXFileReference; explicitFileType = sourcecode.c.h; fileEncoding = 30; name = ofxOpenCv.h; path = ../../../../addons/ofxOpenCv/src/ofxOpenCv.h; sourceTree = SOURCE_ROOT; };
		FC2535D4C4A96EC590A4D097 /* index_testing.h */ = {isa = PBXFileReference; explicitFileType = sourcecode.c.h; fileEncoding = 30; name = index_testing.h; path = ../../../../addons/ofxOpenCv/libs/opencv/include/opencv2/flann/index_testing.h; sourceTree = SOURCE_ROOT; };
		FDC938ECB6BDB8E319F89A40 /* ofxCvColorImage.cpp */ = {isa = PBXFileReference; explicitFileType = sourcecode.cpp.cpp; fileEncoding = 30; name = ofxCvColorImage.cpp; path = ../../../../addons/ofxOpenCv/src/ofxCvColorImage.cpp; sourceTree = SOURCE_ROOT; };
		FE5730E10D1610F4BD04E988 /* calib3d.hpp */ = {isa = PBXFileReference; explicitFileType = sourcecode.c.h; fileEncoding = 30; name = calib3d.hpp; path = ../../../../addons/ofxOpenCv/libs/opencv/include/opencv2/calib3d/calib3d.hpp; sourceTree = SOURCE_ROOT; };
		FF270438131D5E0AA3A2B05F /* keep_alive.c */ = {isa = PBXFileReference; explicitFileType = sourcecode.c.c; fileEncoding = 30; name = keep_alive.c; path = ../../../../addons/ofxKinect/libs/libfreenect/src/keep_alive.c; sourceTree = SOURCE_ROOT; };
/* End PBXFileReference section */

/* Begin PBXFrameworksBuildPhase section */
		E4B69B590A3A1756003C02F2 /* Frameworks */ = {
			isa = PBXFrameworksBuildPhase;
			buildActionMask = 2147483647;
			files = (
				E7F985F815E0DEA3003869B5 /* Accelerate.framework in Frameworks */,
				E7E077E815D3B6510020DFD4 /* QTKit.framework in Frameworks */,
				E4EB6799138ADC1D00A09F29 /* GLUT.framework in Frameworks */,
				E4328149138ABC9F0047C5CB /* openFrameworksDebug.a in Frameworks */,
				E45BE97B0E8CC7DD009D7055 /* AGL.framework in Frameworks */,
				E45BE97C0E8CC7DD009D7055 /* ApplicationServices.framework in Frameworks */,
				E45BE97D0E8CC7DD009D7055 /* AudioToolbox.framework in Frameworks */,
				E45BE97F0E8CC7DD009D7055 /* CoreAudio.framework in Frameworks */,
				E45BE9800E8CC7DD009D7055 /* CoreFoundation.framework in Frameworks */,
				E45BE9810E8CC7DD009D7055 /* CoreServices.framework in Frameworks */,
				E45BE9830E8CC7DD009D7055 /* OpenGL.framework in Frameworks */,
				E45BE9840E8CC7DD009D7055 /* QuickTime.framework in Frameworks */,
				E4C2424710CC5A17004149E2 /* AppKit.framework in Frameworks */,
				E4C2424810CC5A17004149E2 /* Cocoa.framework in Frameworks */,
				E4C2424910CC5A17004149E2 /* IOKit.framework in Frameworks */,
				E7E077E515D3B63C0020DFD4 /* CoreVideo.framework in Frameworks */,
			);
			runOnlyForDeploymentPostprocessing = 0;
		};
/* End PBXFrameworksBuildPhase section */

/* Begin PBXGroup section */
		0478E60892BF4C0731AE0763 /* ts */ = {
			isa = PBXGroup;
			children = (
				01663175969F20A6905313BD /* ts.hpp */,
				59499529A9703277EB7208BC /* ts_gtest.h */,
			);
			name = ts;
			sourceTree = "<group>";
		};
		0F07FE174552DEF007BF5AD5 /* opencv2 */ = {
			isa = PBXGroup;
			children = (
				428EB732FD42504F37BCA78A /* calib3d */,
				170C3384C93B182490DDC9CC /* contrib */,
				A5A3A2F98919E2243C73199C /* core */,
				86FEC009E2721D0FB23338D7 /* features2d */,
				1E45F8C3CCFF6847BFF957AA /* flann */,
				5236346776DB8ECC4B121CA3 /* gpu */,
				9C99831C330874C2B245AB48 /* highgui */,
				3E44059DCBC2444D65660B9C /* imgproc */,
				961A625BD21068033782887C /* legacy */,
				0F288FD421D474F4AE2684D3 /* ml */,
				D0CAFE48EE488EEED9149670 /* objdetect */,
				7D5571E60DEB08241D06512D /* opencv.hpp */,
				0478E60892BF4C0731AE0763 /* ts */,
				C58CC92A5283B95AA31D50FB /* video */,
			);
			name = opencv2;
			sourceTree = "<group>";
		};
		0F288FD421D474F4AE2684D3 /* ml */ = {
			isa = PBXGroup;
			children = (
				4293FEA79D91A425F7CD7284 /* ml.hpp */,
			);
			name = ml;
			sourceTree = "<group>";
		};
		170C3384C93B182490DDC9CC /* contrib */ = {
			isa = PBXGroup;
			children = (
				2A609CCC99733236CA99F9CB /* contrib.hpp */,
				A09FB6E7741FE442A965DFB9 /* retina.hpp */,
			);
			name = contrib;
			sourceTree = "<group>";
		};
		1AE6862ED862CA18468E0CCD /* include */ = {
			isa = PBXGroup;
			children = (
				2C171637C399A50881F147E9 /* libusb-1.0 */,
			);
			name = include;
			sourceTree = "<group>";
		};
		1E45F8C3CCFF6847BFF957AA /* flann */ = {
			isa = PBXGroup;
			children = (
				500A2FF9EB17AB31E6D2FD5B /* all_indices.h */,
				DCB713C361DB5B555CDA8727 /* allocator.h */,
				D7B5EE8A8B7E3D53A1E2DD3B /* any.h */,
				620DBC625B9553485005CFF8 /* autotuned_index.h */,
				7798E79566AB663542F62524 /* composite_index.h */,
				E135AF87ADE60480CC25042F /* config.h */,
				0BBEE3184EE96F1BB07407E1 /* defines.h */,
				4EA3517E853734C875B61BA9 /* dist.h */,
				C5D1107ECBFB14E8AC123CF6 /* dummy.h */,
				71CAFD24C3D24A42EAFB9345 /* dynamic_bitset.h */,
				9DD8EA775A59329C3024E386 /* flann.hpp */,
				A8BFEE6289D49679D3C1ABEA /* flann_base.hpp */,
				3DC3110D58F7DDC9FD8ED66C /* general.h */,
				24191B8AB71758C1213225CA /* ground_truth.h */,
				DFE8958FFCFB21B4BCDFD12D /* hdf5.h */,
				84CDC2643B15FE5AF531D5FE /* heap.h */,
				B5640E3836AEA84E0E07ED84 /* hierarchical_clustering_index.h */,
				FC2535D4C4A96EC590A4D097 /* index_testing.h */,
				26E139CF88AC334A010BFD67 /* kdtree_index.h */,
				A68E855441F2BDDA74AA4BAB /* kdtree_single_index.h */,
				77924684EB4E194F7D5AEB34 /* kmeans_index.h */,
				25AE05BBFD0FC4AEC23958AA /* linear_index.h */,
				A7C1651149ECDE8BBE641F76 /* logger.h */,
				2C32AA67EFB719DD5E2A82A5 /* lsh_index.h */,
				DAF9A3084671F422A4728A92 /* lsh_table.h */,
				4119AAEF888A28249BC88D90 /* matrix.h */,
				5345F2676265B771BE52B5FA /* miniflann.hpp */,
				BDA499159407A31B0D3481F7 /* nn_index.h */,
				2DF8C1B50CB95E6CBBE2525C /* object_factory.h */,
				969B1EC199C13767F0E8A567 /* params.h */,
				A19926950C6F43B1E5B35215 /* random.h */,
				EA03B07F0C65EF74DBB5C757 /* result_set.h */,
				AD3950DFDB20D7D7893E855E /* sampling.h */,
				62715729653A084DAD42C640 /* saving.h */,
				15ABD763D30FFE5EFBB30630 /* simplex_downhill.h */,
				8D81C7655767206FFE885B97 /* timer.h */,
			);
			name = flann;
			sourceTree = "<group>";
		};
		1F4FB5C423662B96ADFDCC0B /* ofxXmlSettings */ = {
			isa = PBXGroup;
			children = (
				6ECEF0D76BC33727823EADFF /* src */,
				6E54289412D2D94F45A05113 /* libs */,
			);
			name = ofxXmlSettings;
			sourceTree = "<group>";
		};
		2C171637C399A50881F147E9 /* libusb-1.0 */ = {
			isa = PBXGroup;
			children = (
				252F8FDE147B7EE6649F9648 /* libusb.h */,
			);
			name = "libusb-1.0";
			sourceTree = "<group>";
		};
		32687044708CDA9EDA265387 /* libfreenect */ = {
			isa = PBXGroup;
			children = (
				6DFA2B327764FCDA2A8D882F /* include */,
				ED6E9BDB447DB965EE6F1FA6 /* src */,
			);
			name = libfreenect;
			sourceTree = "<group>";
		};
		3E44059DCBC2444D65660B9C /* imgproc */ = {
			isa = PBXGroup;
			children = (
				0BF61C6D492FC715A92A2D77 /* imgproc.hpp */,
				75CC20165C9B7D2D6BE68AA9 /* imgproc_c.h */,
				40352CF8B28371F1D67EEC41 /* types_c.h */,
			);
			name = imgproc;
			sourceTree = "<group>";
		};
		428EB732FD42504F37BCA78A /* calib3d */ = {
			isa = PBXGroup;
			children = (
				FE5730E10D1610F4BD04E988 /* calib3d.hpp */,
			);
			name = calib3d;
			sourceTree = "<group>";
		};
		5236346776DB8ECC4B121CA3 /* gpu */ = {
			isa = PBXGroup;
			children = (
				9AA37E8C5AFBC0E9F5898C31 /* devmem2d.hpp */,
				97BEA6FA9EFBBE6BCA49D948 /* gpu.hpp */,
				9F7CEF2070456BD44FF7B790 /* gpumat.hpp */,
				681058F2D314D357B47C5D11 /* matrix_operations.hpp */,
				2D5FD97437A34B0A8AAF9AF1 /* stream_accessor.hpp */,
			);
			name = gpu;
			sourceTree = "<group>";
		};
		65726280742CD54BF368BDB8 /* libusb-1.0 */ = {
			isa = PBXGroup;
			children = (
				1AE6862ED862CA18468E0CCD /* include */,
			);
			name = "libusb-1.0";
			sourceTree = "<group>";
		};
		6DFA2B327764FCDA2A8D882F /* include */ = {
			isa = PBXGroup;
			children = (
				CA18A19BFFD7FBAC5069F217 /* libfreenect.h */,
				F77125047B3374B2CD915EE2 /* libfreenect_audio.h */,
				9A664B8DA061264584FA8568 /* libfreenect_registration.h */,
			);
			name = include;
			sourceTree = "<group>";
		};
		6E54289412D2D94F45A05113 /* libs */ = {
			isa = PBXGroup;
			children = (
				126B1BBACED427BD4F54BC45 /* tinyxml.cpp */,
				8FBDBA8D2DCA49DC504F1850 /* tinyxml.h */,
				8AED12DBC5DC04739E95CD26 /* tinyxmlerror.cpp */,
				B0FB861B0D843DF212503B18 /* tinyxmlparser.cpp */,
			);
			name = libs;
			sourceTree = "<group>";
		};
		6E7134DE536888BE82D56327 /* extra */ = {
			isa = PBXGroup;
			children = (
				7E89AAF2D012D80EF30C4926 /* ofxKinectExtras.cpp */,
				2FA66758CB73BB0FF2109040 /* ofxKinectExtras.h */,
			);
			name = extra;
			sourceTree = "<group>";
		};
		6ECEF0D76BC33727823EADFF /* src */ = {
			isa = PBXGroup;
			children = (
				BA80450995764F8FABAB1604 /* ofxXmlSettings.cpp */,
				6A7153E0F5EFF5622F1EB21F /* ofxXmlSettings.h */,
			);
			name = src;
			sourceTree = "<group>";
		};
		737B033AA777B67BA4F8F4D2 /* opencv */ = {
			isa = PBXGroup;
			children = (
				46BA83AF0FD8711B03391C6C /* cv.h */,
				2ECD723244C50A0B0B788AA9 /* cv.hpp */,
				A216FA75041F258DA78F65A8 /* cvaux.h */,
				77EFFAD5BAEBF32DB956F7AD /* cvaux.hpp */,
				091BD9F852B54F224CE55C83 /* cvwimage.h */,
				B0D6A0835C30E450BD9DB02D /* cxcore.h */,
				711D235C75E058A22A07520B /* cxcore.hpp */,
				F17A0D694240BE581CC20065 /* cxeigen.hpp */,
				3D7A70F87D1069709F634032 /* cxmisc.h */,
				995F42DA1D8A41FBAFC7C7E7 /* highgui.h */,
				324208382DB6B62127FBB8F5 /* ml.h */,
			);
			name = opencv;
			sourceTree = "<group>";
		};
		86FEC009E2721D0FB23338D7 /* features2d */ = {
			isa = PBXGroup;
			children = (
				838EDA44364C0F0FA30B31F7 /* features2d.hpp */,
			);
			name = features2d;
			sourceTree = "<group>";
		};
		961A625BD21068033782887C /* legacy */ = {
			isa = PBXGroup;
			children = (
				375098B2A51FE59B8699CFA4 /* blobtrack.hpp */,
				3D95D1838763494176D3A581 /* compat.hpp */,
				0489A6DA69F2BE2E2567CEFD /* legacy.hpp */,
				36309805C6451B01194DE2B0 /* streams.hpp */,
			);
			name = legacy;
			sourceTree = "<group>";
		};
		9683228C705CA3FF4F2EA945 /* ofxKinect */ = {
			isa = PBXGroup;
			children = (
				F3D2DB7201EFA9F7958F421E /* src */,
				F4101FC676C210E28DCB3220 /* libs */,
			);
			name = ofxKinect;
			sourceTree = "<group>";
		};
		9C99831C330874C2B245AB48 /* highgui */ = {
			isa = PBXGroup;
			children = (
				960EC5285F69D95DDC308732 /* highgui.hpp */,
				9BC3A33DDAC043C69A13567C /* highgui_c.h */,
			);
			name = highgui;
			sourceTree = "<group>";
		};
		A0B90D3B0ADB9C1716816714 /* ofxOpenCv */ = {
			isa = PBXGroup;
			children = (
				C756CAAFD542831674E15FE6 /* src */,
				DCC60D6724B56635AE867535 /* libs */,
			);
			name = ofxOpenCv;
			sourceTree = "<group>";
		};
		A5A3A2F98919E2243C73199C /* core */ = {
			isa = PBXGroup;
			children = (
				3072CF64038F784B0DA03C3D /* core.hpp */,
				514B80F26ADAA11D306BF999 /* core_c.h */,
				9B86F4D4398C591C1D448E86 /* eigen.hpp */,
				908A12089054C72DF990E1C2 /* internal.hpp */,
				6E0D8E45C53BE25AE12FEFD3 /* mat.hpp */,
				0319642DBFE0C2D93F18D467 /* operations.hpp */,
				73580A8DF898F8E40E813A23 /* types_c.h */,
				2BD8AE3005B29735AA3F7B5F /* version.hpp */,
				41E266C6F6924DD2E38F6628 /* wimage.hpp */,
			);
			name = core;
			sourceTree = "<group>";
		};
		AAA97F42C2FE4A31ECFD0585 /* opencv */ = {
			isa = PBXGroup;
			children = (
				F9F05170CB9BDF47DA2B6E6A /* include */,
			);
			name = opencv;
			sourceTree = "<group>";
		};
		BB4B014C10F69532006C3DED /* addons */ = {
			isa = PBXGroup;
			children = (
				9683228C705CA3FF4F2EA945 /* ofxKinect */,
				A0B90D3B0ADB9C1716816714 /* ofxOpenCv */,
				1F4FB5C423662B96ADFDCC0B /* ofxXmlSettings */,
			);
			name = addons;
			sourceTree = "<group>";
		};
		BBAB23C913894ECA00AA2426 /* system frameworks */ = {
			isa = PBXGroup;
			children = (
				E7F985F515E0DE99003869B5 /* Accelerate.framework */,
				E4C2424410CC5A17004149E2 /* AppKit.framework */,
				E4C2424510CC5A17004149E2 /* Cocoa.framework */,
				E4C2424610CC5A17004149E2 /* IOKit.framework */,
				E45BE9710E8CC7DD009D7055 /* AGL.framework */,
				E45BE9720E8CC7DD009D7055 /* ApplicationServices.framework */,
				E45BE9730E8CC7DD009D7055 /* AudioToolbox.framework */,
				E45BE9750E8CC7DD009D7055 /* CoreAudio.framework */,
				E45BE9760E8CC7DD009D7055 /* CoreFoundation.framework */,
				E45BE9770E8CC7DD009D7055 /* CoreServices.framework */,
				E45BE9790E8CC7DD009D7055 /* OpenGL.framework */,
				E45BE97A0E8CC7DD009D7055 /* QuickTime.framework */,
				E7E077E415D3B63C0020DFD4 /* CoreVideo.framework */,
				E7E077E715D3B6510020DFD4 /* QTKit.framework */,
			);
			name = "system frameworks";
			sourceTree = "<group>";
		};
		BBAB23CA13894EDB00AA2426 /* 3rd party frameworks */ = {
			isa = PBXGroup;
			children = (
				BBAB23BE13894E4700AA2426 /* GLUT.framework */,
			);
			name = "3rd party frameworks";
			sourceTree = "<group>";
		};
		C58CC92A5283B95AA31D50FB /* video */ = {
			isa = PBXGroup;
			children = (
				E9B45AA2524EF54C9C8E1399 /* background_segm.hpp */,
				8AE760EACA86FBFC622CF75F /* tracking.hpp */,
				75414ECF31440A6DA5B2F180 /* video.hpp */,
			);
			name = video;
			sourceTree = "<group>";
		};
		C756CAAFD542831674E15FE6 /* src */ = {
			isa = PBXGroup;
			children = (
				CADB3DC9BC56F30B983B15F2 /* ofxCvBlob.h */,
				FDC938ECB6BDB8E319F89A40 /* ofxCvColorImage.cpp */,
				DC194FE303EA0C88C94C75FE /* ofxCvColorImage.h */,
				CBD606C5B7B81AA162F03EE4 /* ofxCvConstants.h */,
				BD4D9A1B379E1E09E57786EF /* ofxCvContourFinder.cpp */,
				85A04481D32536B6B6CFB1A6 /* ofxCvContourFinder.h */,
				DBC4C328B9D4211A1B3EED96 /* ofxCvFloatImage.cpp */,
				3AAF8E287CD16F4BDD4588E5 /* ofxCvFloatImage.h */,
				6A1C4B66D3F8667AE633B12A /* ofxCvGrayscaleImage.cpp */,
				78090C405D308CDB638AB19D /* ofxCvGrayscaleImage.h */,
				5979B0032F72969C72BA96C2 /* ofxCvHaarFinder.cpp */,
				5A8474A9C78E39604622798E /* ofxCvHaarFinder.h */,
				201244234EB9CF0C8DADBA63 /* ofxCvImage.cpp */,
				7DF491C1B1FACBA6A695D7FB /* ofxCvImage.h */,
				352E9A5BD0759CFD7E473A81 /* ofxCvShortImage.cpp */,
				4B812052E49179DB962FDD2F /* ofxCvShortImage.h */,
				FA3BC10F8A9B03ACB02732AC /* ofxOpenCv.h */,
			);
			name = src;
			sourceTree = "<group>";
		};
		D0CAFE48EE488EEED9149670 /* objdetect */ = {
			isa = PBXGroup;
			children = (
				4AE56AE8B2FE1D9B90C77E44 /* objdetect.hpp */,
			);
			name = objdetect;
			sourceTree = "<group>";
		};
		DCC60D6724B56635AE867535 /* libs */ = {
			isa = PBXGroup;
			children = (
				AAA97F42C2FE4A31ECFD0585 /* opencv */,
			);
			name = libs;
			sourceTree = "<group>";
		};
		E4328144138ABC890047C5CB /* Products */ = {
			isa = PBXGroup;
			children = (
				E4328148138ABC890047C5CB /* openFrameworksDebug.a */,
			);
			name = Products;
			sourceTree = "<group>";
		};
		E45BE5980E8CC70C009D7055 /* frameworks */ = {
			isa = PBXGroup;
			children = (
				BBAB23CA13894EDB00AA2426 /* 3rd party frameworks */,
				BBAB23C913894ECA00AA2426 /* system frameworks */,
			);
			name = frameworks;
			sourceTree = "<group>";
		};
		E4B69B4A0A3A1720003C02F2 = {
			isa = PBXGroup;
			children = (
				E4B6FCAD0C3E899E008CF71C /* openFrameworks-Info.plist */,
				E4EB6923138AFD0F00A09F29 /* Project.xcconfig */,
				E4B69E1C0A3A1BDC003C02F2 /* src */,
				E4EEC9E9138DF44700A80321 /* openFrameworks */,
				BB4B014C10F69532006C3DED /* addons */,
				E45BE5980E8CC70C009D7055 /* frameworks */,
				E4B69B5B0A3A1756003C02F2 /* TheArtBosxDebug.app */,
			);
			sourceTree = "<group>";
		};
		E4B69E1C0A3A1BDC003C02F2 /* src */ = {
			isa = PBXGroup;
			children = (
				E4B69E1D0A3A1BDC003C02F2 /* main.cpp */,
				E4B69E1E0A3A1BDC003C02F2 /* ofApp.cpp */,
				E4B69E1F0A3A1BDC003C02F2 /* ofApp.h */,
			);
			path = src;
			sourceTree = SOURCE_ROOT;
		};
		E4EEC9E9138DF44700A80321 /* openFrameworks */ = {
			isa = PBXGroup;
			children = (
				E4EB691F138AFCF100A09F29 /* CoreOF.xcconfig */,
				E4328143138ABC890047C5CB /* openFrameworksLib.xcodeproj */,
			);
			name = openFrameworks;
			sourceTree = "<group>";
		};
		ED6E9BDB447DB965EE6F1FA6 /* src */ = {
			isa = PBXGroup;
			children = (
				0CC107718FE3ACF385625A90 /* audio.c */,
				F17F078DBC28A70A1EE2A1C0 /* cameras.c */,
				2A8706FF384EEE0E597C6DEC /* cameras.h */,
				0A2E6090DBFE00DA717E913C /* core.c */,
				DB4269E7D40F60C2706EA19A /* flags.c */,
				600FCBF5DF02CBD68010B924 /* flags.h */,
				8C918C741F5FF041491274A7 /* freenect_internal.h */,
				FF270438131D5E0AA3A2B05F /* keep_alive.c */,
				9FA86FC893343B7147D43584 /* keep_alive.h */,
				6DB6F5871E5EBCA735C51AB6 /* loader.c */,
				7AF8CE40FB72CC0BAC709AAC /* loader.h */,
				75D243FB923BC5787E1DAD91 /* registration.c */,
				2D2254450CD7A0BACA116086 /* registration.h */,
				A3CE8537592928E4E15B8A5B /* tilt.c */,
				43D57C9FC992DCBAEF2EA7BC /* usb_libusb10.c */,
				934FA1573F8AD838B3589FFE /* usb_libusb10.h */,
			);
			name = src;
			sourceTree = "<group>";
		};
		F3D2DB7201EFA9F7958F421E /* src */ = {
			isa = PBXGroup;
			children = (
				6E7134DE536888BE82D56327 /* extra */,
				55B27C43BD43E1CC2EB0C46F /* ofxBase3DVideo.h */,
				01DE814011CA0D31B25C5968 /* ofxKinect.cpp */,
				ABB9C1E306B83C1166602EE5 /* ofxKinect.h */,
			);
			name = src;
			sourceTree = "<group>";
		};
		F4101FC676C210E28DCB3220 /* libs */ = {
			isa = PBXGroup;
			children = (
				32687044708CDA9EDA265387 /* libfreenect */,
				65726280742CD54BF368BDB8 /* libusb-1.0 */,
			);
			name = libs;
			sourceTree = "<group>";
		};
		F9F05170CB9BDF47DA2B6E6A /* include */ = {
			isa = PBXGroup;
			children = (
				737B033AA777B67BA4F8F4D2 /* opencv */,
				0F07FE174552DEF007BF5AD5 /* opencv2 */,
			);
			name = include;
			sourceTree = "<group>";
		};
/* End PBXGroup section */

/* Begin PBXNativeTarget section */
		E4B69B5A0A3A1756003C02F2 /* TheArtBosx */ = {
			isa = PBXNativeTarget;
			buildConfigurationList = E4B69B5F0A3A1757003C02F2 /* Build configuration list for PBXNativeTarget "TheArtBosx" */;
			buildPhases = (
				E4B69B580A3A1756003C02F2 /* Sources */,
				E4B69B590A3A1756003C02F2 /* Frameworks */,
				E4B6FFFD0C3F9AB9008CF71C /* ShellScript */,
				E4C2427710CC5ABF004149E2 /* CopyFiles */,
			);
			buildRules = (
			);
			dependencies = (
				E4EEB9AC138B136A00A80321 /* PBXTargetDependency */,
			);
			name = TheArtBosx;
			productName = myOFApp;
			productReference = E4B69B5B0A3A1756003C02F2 /* TheArtBosxDebug.app */;
			productType = "com.apple.product-type.application";
		};
/* End PBXNativeTarget section */

/* Begin PBXProject section */
		E4B69B4C0A3A1720003C02F2 /* Project object */ = {
			isa = PBXProject;
			attributes = {
				LastUpgradeCheck = 0460;
			};
			buildConfigurationList = E4B69B4D0A3A1720003C02F2 /* Build configuration list for PBXProject "TheArtBosx" */;
			compatibilityVersion = "Xcode 3.2";
			developmentRegion = English;
			hasScannedForEncodings = 0;
			knownRegions = (
				English,
				Japanese,
				French,
				German,
			);
			mainGroup = E4B69B4A0A3A1720003C02F2;
			productRefGroup = E4B69B4A0A3A1720003C02F2;
			projectDirPath = "";
			projectReferences = (
				{
					ProductGroup = E4328144138ABC890047C5CB /* Products */;
					ProjectRef = E4328143138ABC890047C5CB /* openFrameworksLib.xcodeproj */;
				},
			);
			projectRoot = "";
			targets = (
				E4B69B5A0A3A1756003C02F2 /* TheArtBosx */,
			);
		};
/* End PBXProject section */

/* Begin PBXReferenceProxy section */
		E4328148138ABC890047C5CB /* openFrameworksDebug.a */ = {
			isa = PBXReferenceProxy;
			fileType = archive.ar;
			path = openFrameworksDebug.a;
			remoteRef = E4328147138ABC890047C5CB /* PBXContainerItemProxy */;
			sourceTree = BUILT_PRODUCTS_DIR;
		};
/* End PBXReferenceProxy section */

/* Begin PBXShellScriptBuildPhase section */
		E4B6FFFD0C3F9AB9008CF71C /* ShellScript */ = {
			isa = PBXShellScriptBuildPhase;
			buildActionMask = 2147483647;
			files = (
			);
			inputPaths = (
			);
			outputPaths = (
			);
			runOnlyForDeploymentPostprocessing = 0;
			shellPath = /bin/sh;
			shellScript = "cp -f ../../../../libs/fmodex/lib/osx/libfmodex.dylib \"$TARGET_BUILD_DIR/$PRODUCT_NAME.app/Contents/MacOS/libfmodex.dylib\"; install_name_tool -change ./libfmodex.dylib @executable_path/libfmodex.dylib \"$TARGET_BUILD_DIR/$PRODUCT_NAME.app/Contents/MacOS/$PRODUCT_NAME\";\nmkdir -p \"$TARGET_BUILD_DIR/$PRODUCT_NAME.app/Contents/Resources/\"\ncp -f \"$ICON_FILE\" \"$TARGET_BUILD_DIR/$PRODUCT_NAME.app/Contents/Resources/\"\n";
		};
/* End PBXShellScriptBuildPhase section */

/* Begin PBXSourcesBuildPhase section */
		E4B69B580A3A1756003C02F2 /* Sources */ = {
			isa = PBXSourcesBuildPhase;
			buildActionMask = 2147483647;
			files = (
				E4B69E200A3A1BDC003C02F2 /* main.cpp in Sources */,
				E4B69E210A3A1BDC003C02F2 /* ofApp.cpp in Sources */,
				A410FD233F75B688B03CBAE3 /* ofxKinectExtras.cpp in Sources */,
				4F535557DDB78E33E89755AB /* ofxKinect.cpp in Sources */,
				07925661608857C519CE1E55 /* audio.c in Sources */,
				93AB204B1A6472C752E821D5 /* cameras.c in Sources */,
				BFFEF79AA60E1FB214C0D2D2 /* core.c in Sources */,
				92434C5EB6D0EC4486055062 /* flags.c in Sources */,
				BD008A9DDBF06272F667877B /* keep_alive.c in Sources */,
				31BDF2FF35F01A57F397B1A0 /* loader.c in Sources */,
				01E0DB41EA0410B25964E222 /* registration.c in Sources */,
				A4126F292AC452BFAA9AF9F6 /* tilt.c in Sources */,
				A1A5D91898173A0D4DC07FA9 /* usb_libusb10.c in Sources */,
				72CEEFF669D21538BA336662 /* ofxCvColorImage.cpp in Sources */,
				68FE25DEF56B90EDB6DF4EF8 /* ofxCvContourFinder.cpp in Sources */,
				BC9D698DFFE25117A83A929B /* ofxCvFloatImage.cpp in Sources */,
				C727BF0E5E2633CADA72FCBC /* ofxCvGrayscaleImage.cpp in Sources */,
				688395DF3AD6C8570761DC08 /* ofxCvHaarFinder.cpp in Sources */,
				77399DCF819EAE2674D467DF /* ofxCvImage.cpp in Sources */,
				3354709252A5DC905E9FBA46 /* ofxCvShortImage.cpp in Sources */,
				40755491CDDD7249B25A1F2D /* ofxXmlSettings.cpp in Sources */,
				B8A4986AE3CFD44755D311C7 /* tinyxml.cpp in Sources */,
				28DCB9949680410908EFD4D5 /* tinyxmlerror.cpp in Sources */,
				8AAF2BA4AFCBEC334841B989 /* tinyxmlparser.cpp in Sources */,
			);
			runOnlyForDeploymentPostprocessing = 0;
		};
/* End PBXSourcesBuildPhase section */

/* Begin PBXTargetDependency section */
		E4EEB9AC138B136A00A80321 /* PBXTargetDependency */ = {
			isa = PBXTargetDependency;
			name = openFrameworks;
			targetProxy = E4EEB9AB138B136A00A80321 /* PBXContainerItemProxy */;
		};
/* End PBXTargetDependency section */

/* Begin XCBuildConfiguration section */
		E4B69B4E0A3A1720003C02F2 /* Debug */ = {
			isa = XCBuildConfiguration;
			baseConfigurationReference = E4EB6923138AFD0F00A09F29 /* Project.xcconfig */;
			buildSettings = {
				ARCHS = "$(NATIVE_ARCH)";
				CONFIGURATION_BUILD_DIR = "$(SRCROOT)/bin/";
				COPY_PHASE_STRIP = NO;
				DEAD_CODE_STRIPPING = YES;
				GCC_AUTO_VECTORIZATION = YES;
				GCC_ENABLE_SSE3_EXTENSIONS = YES;
				GCC_ENABLE_SUPPLEMENTAL_SSE3_INSTRUCTIONS = YES;
				GCC_INLINES_ARE_PRIVATE_EXTERN = NO;
				GCC_OPTIMIZATION_LEVEL = 0;
				GCC_SYMBOLS_PRIVATE_EXTERN = NO;
				GCC_WARN_ABOUT_DEPRECATED_FUNCTIONS = YES;
				GCC_WARN_ABOUT_INVALID_OFFSETOF_MACRO = NO;
				GCC_WARN_ALLOW_INCOMPLETE_PROTOCOL = NO;
				GCC_WARN_UNINITIALIZED_AUTOS = NO;
				GCC_WARN_UNUSED_VALUE = NO;
				GCC_WARN_UNUSED_VARIABLE = NO;
				HEADER_SEARCH_PATHS = (
					"$(OF_CORE_HEADERS)",
					../../../../addons/ofxKinect/libs,
					../../../../addons/ofxKinect/libs/libfreenect,
					../../../../addons/ofxKinect/libs/libfreenect/include,
					../../../../addons/ofxKinect/libs/libfreenect/platform,
					../../../../addons/ofxKinect/libs/libfreenect/src,
					"../../../../addons/ofxKinect/libs/libusb-1.0",
					"../../../../addons/ofxKinect/libs/libusb-1.0/include",
					"../../../../addons/ofxKinect/libs/libusb-1.0/include/libusb-1.0",
					"../../../../addons/ofxKinect/libs/libusb-1.0/lib",
					"../../../../addons/ofxKinect/libs/libusb-1.0/lib/osx",
					"../../../../addons/ofxKinect/libs/libusb-win32",
					../../../../addons/ofxKinect/src,
					../../../../addons/ofxKinect/src/extra,
					../../../../addons/ofxOpenCv/libs,
					../../../../addons/ofxOpenCv/libs/opencv,
					../../../../addons/ofxOpenCv/libs/opencv/include,
					../../../../addons/ofxOpenCv/libs/opencv/include/opencv,
					../../../../addons/ofxOpenCv/libs/opencv/include/opencv2,
					../../../../addons/ofxOpenCv/libs/opencv/include/opencv2/calib3d,
					../../../../addons/ofxOpenCv/libs/opencv/include/opencv2/contrib,
					../../../../addons/ofxOpenCv/libs/opencv/include/opencv2/core,
					../../../../addons/ofxOpenCv/libs/opencv/include/opencv2/features2d,
					../../../../addons/ofxOpenCv/libs/opencv/include/opencv2/flann,
					../../../../addons/ofxOpenCv/libs/opencv/include/opencv2/gpu,
					../../../../addons/ofxOpenCv/libs/opencv/include/opencv2/highgui,
					../../../../addons/ofxOpenCv/libs/opencv/include/opencv2/imgproc,
					../../../../addons/ofxOpenCv/libs/opencv/include/opencv2/legacy,
					../../../../addons/ofxOpenCv/libs/opencv/include/opencv2/ml,
					../../../../addons/ofxOpenCv/libs/opencv/include/opencv2/objdetect,
					../../../../addons/ofxOpenCv/libs/opencv/include/opencv2/ts,
					../../../../addons/ofxOpenCv/libs/opencv/include/opencv2/video,
					../../../../addons/ofxOpenCv/libs/opencv/lib,
					../../../../addons/ofxOpenCv/libs/opencv/lib/osx,
					../../../../addons/ofxOpenCv/src,
					../../../../addons/ofxXmlSettings/libs,
					../../../../addons/ofxXmlSettings/src,
				);
				MACOSX_DEPLOYMENT_TARGET = 10.6;
				OTHER_CPLUSPLUSFLAGS = (
					"-D__MACOSX_CORE__",
					"-lpthread",
					"-mtune=native",
				);
				OTHER_LDFLAGS = (
					"$(OF_CORE_LIBS)",
					"../../../../addons/ofxKinect/libs/libusb-1.0/lib/osx/usb-1.0.a",
					../../../../addons/ofxOpenCv/libs/opencv/lib/osx/opencv.a,
				);
				SDKROOT = macosx;
			};
			name = Debug;
		};
		E4B69B4F0A3A1720003C02F2 /* Release */ = {
			isa = XCBuildConfiguration;
			baseConfigurationReference = E4EB6923138AFD0F00A09F29 /* Project.xcconfig */;
			buildSettings = {
				ARCHS = "$(NATIVE_ARCH)";
				CONFIGURATION_BUILD_DIR = "$(SRCROOT)/bin/";
				COPY_PHASE_STRIP = YES;
				DEAD_CODE_STRIPPING = YES;
				GCC_AUTO_VECTORIZATION = YES;
				GCC_ENABLE_SSE3_EXTENSIONS = YES;
				GCC_ENABLE_SUPPLEMENTAL_SSE3_INSTRUCTIONS = YES;
				GCC_INLINES_ARE_PRIVATE_EXTERN = NO;
				GCC_OPTIMIZATION_LEVEL = 3;
				GCC_SYMBOLS_PRIVATE_EXTERN = NO;
				GCC_UNROLL_LOOPS = YES;
				GCC_WARN_ABOUT_DEPRECATED_FUNCTIONS = YES;
				GCC_WARN_ABOUT_INVALID_OFFSETOF_MACRO = NO;
				GCC_WARN_ALLOW_INCOMPLETE_PROTOCOL = NO;
				GCC_WARN_UNINITIALIZED_AUTOS = NO;
				GCC_WARN_UNUSED_VALUE = NO;
				GCC_WARN_UNUSED_VARIABLE = NO;
				HEADER_SEARCH_PATHS = (
					"$(OF_CORE_HEADERS)",
					../../../../addons/ofxKinect/libs,
					../../../../addons/ofxKinect/libs/libfreenect,
					../../../../addons/ofxKinect/libs/libfreenect/include,
					../../../../addons/ofxKinect/libs/libfreenect/platform,
					../../../../addons/ofxKinect/libs/libfreenect/src,
					"../../../../addons/ofxKinect/libs/libusb-1.0",
					"../../../../addons/ofxKinect/libs/libusb-1.0/include",
					"../../../../addons/ofxKinect/libs/libusb-1.0/include/libusb-1.0",
					"../../../../addons/ofxKinect/libs/libusb-1.0/lib",
					"../../../../addons/ofxKinect/libs/libusb-1.0/lib/osx",
					"../../../../addons/ofxKinect/libs/libusb-win32",
					../../../../addons/ofxKinect/src,
					../../../../addons/ofxKinect/src/extra,
					../../../../addons/ofxOpenCv/libs,
					../../../../addons/ofxOpenCv/libs/opencv,
					../../../../addons/ofxOpenCv/libs/opencv/include,
					../../../../addons/ofxOpenCv/libs/opencv/include/opencv,
					../../../../addons/ofxOpenCv/libs/opencv/include/opencv2,
					../../../../addons/ofxOpenCv/libs/opencv/include/opencv2/calib3d,
					../../../../addons/ofxOpenCv/libs/opencv/include/opencv2/contrib,
					../../../../addons/ofxOpenCv/libs/opencv/include/opencv2/core,
					../../../../addons/ofxOpenCv/libs/opencv/include/opencv2/features2d,
					../../../../addons/ofxOpenCv/libs/opencv/include/opencv2/flann,
					../../../../addons/ofxOpenCv/libs/opencv/include/opencv2/gpu,
					../../../../addons/ofxOpenCv/libs/opencv/include/opencv2/highgui,
					../../../../addons/ofxOpenCv/libs/opencv/include/opencv2/imgproc,
					../../../../addons/ofxOpenCv/libs/opencv/include/opencv2/legacy,
					../../../../addons/ofxOpenCv/libs/opencv/include/opencv2/ml,
					../../../../addons/ofxOpenCv/libs/opencv/include/opencv2/objdetect,
					../../../../addons/ofxOpenCv/libs/opencv/include/opencv2/ts,
					../../../../addons/ofxOpenCv/libs/opencv/include/opencv2/video,
					../../../../addons/ofxOpenCv/libs/opencv/lib,
					../../../../addons/ofxOpenCv/libs/opencv/lib/osx,
					../../../../addons/ofxOpenCv/src,
					../../../../addons/ofxXmlSettings/libs,
					../../../../addons/ofxXmlSettings/src,
				);
				MACOSX_DEPLOYMENT_TARGET = 10.6;
				OTHER_CPLUSPLUSFLAGS = (
					"-D__MACOSX_CORE__",
					"-lpthread",
					"-mtune=native",
				);
				OTHER_LDFLAGS = (
					"$(OF_CORE_LIBS)",
					"../../../../addons/ofxKinect/libs/libusb-1.0/lib/osx/usb-1.0.a",
					../../../../addons/ofxOpenCv/libs/opencv/lib/osx/opencv.a,
				);
				SDKROOT = macosx;
			};
			name = Release;
		};
		E4B69B600A3A1757003C02F2 /* Debug */ = {
			isa = XCBuildConfiguration;
			buildSettings = {
				COMBINE_HIDPI_IMAGES = YES;
				COPY_PHASE_STRIP = NO;
				FRAMEWORK_SEARCH_PATHS = (
					"$(inherited)",
					"$(FRAMEWORK_SEARCH_PATHS_QUOTED_FOR_TARGET_1)",
				);
				FRAMEWORK_SEARCH_PATHS_QUOTED_FOR_TARGET_1 = "\"$(SRCROOT)/../../../../libs/glut/lib/osx\"";
				GCC_DYNAMIC_NO_PIC = NO;
				GCC_GENERATE_DEBUGGING_SYMBOLS = YES;
				GCC_MODEL_TUNING = NONE;
				ICON = "$(ICON_NAME_DEBUG)";
				ICON_FILE = "$(ICON_FILE_PATH)$(ICON)";
				INFOPLIST_FILE = "openFrameworks-Info.plist";
				INSTALL_PATH = "$(HOME)/Applications";
				LIBRARY_SEARCH_PATHS = (
					"$(inherited)",
					"$(LIBRARY_SEARCH_PATHS_QUOTED_FOR_TARGET_1)",
					"$(LIBRARY_SEARCH_PATHS_QUOTED_FOR_TARGET_2)",
					"$(LIBRARY_SEARCH_PATHS_QUOTED_FOR_TARGET_3)",
					"$(LIBRARY_SEARCH_PATHS_QUOTED_FOR_TARGET_4)",
					"$(LIBRARY_SEARCH_PATHS_QUOTED_FOR_TARGET_5)",
					"$(LIBRARY_SEARCH_PATHS_QUOTED_FOR_TARGET_6)",
					"$(LIBRARY_SEARCH_PATHS_QUOTED_FOR_TARGET_7)",
					"$(LIBRARY_SEARCH_PATHS_QUOTED_FOR_TARGET_8)",
					"$(LIBRARY_SEARCH_PATHS_QUOTED_FOR_TARGET_9)",
					"$(LIBRARY_SEARCH_PATHS_QUOTED_FOR_TARGET_10)",
					"$(LIBRARY_SEARCH_PATHS_QUOTED_FOR_TARGET_11)",
					"$(LIBRARY_SEARCH_PATHS_QUOTED_FOR_TARGET_12)",
					"$(LIBRARY_SEARCH_PATHS_QUOTED_FOR_TARGET_13)",
					"$(LIBRARY_SEARCH_PATHS_QUOTED_FOR_TARGET_14)",
					"$(LIBRARY_SEARCH_PATHS_QUOTED_FOR_TARGET_15)",
					"$(LIBRARY_SEARCH_PATHS_QUOTED_FOR_TARGET_2)",
					"$(LIBRARY_SEARCH_PATHS_QUOTED_FOR_TARGET_3)",
					"$(LIBRARY_SEARCH_PATHS_QUOTED_FOR_TARGET_7)",
					"$(LIBRARY_SEARCH_PATHS_QUOTED_FOR_TARGET_8)",
					"$(LIBRARY_SEARCH_PATHS_QUOTED_FOR_TARGET_9)",
					"$(LIBRARY_SEARCH_PATHS_QUOTED_FOR_TARGET_10)",
					"$(LIBRARY_SEARCH_PATHS_QUOTED_FOR_TARGET_11)",
					"$(LIBRARY_SEARCH_PATHS_QUOTED_FOR_TARGET_12)",
					"$(LIBRARY_SEARCH_PATHS_QUOTED_FOR_TARGET_13)",
					"$(LIBRARY_SEARCH_PATHS_QUOTED_FOR_TARGET_16)",
					"$(LIBRARY_SEARCH_PATHS_QUOTED_FOR_TARGET_17)",
					"$(LIBRARY_SEARCH_PATHS_QUOTED_FOR_TARGET_18)",
					"$(LIBRARY_SEARCH_PATHS_QUOTED_FOR_TARGET_19)",
					"$(LIBRARY_SEARCH_PATHS_QUOTED_FOR_TARGET_20)",
					"$(LIBRARY_SEARCH_PATHS_QUOTED_FOR_TARGET_21)",
					"$(LIBRARY_SEARCH_PATHS_QUOTED_FOR_TARGET_22)",
					"$(LIBRARY_SEARCH_PATHS_QUOTED_FOR_TARGET_23)",
					"$(LIBRARY_SEARCH_PATHS_QUOTED_FOR_TARGET_24)",
					"$(LIBRARY_SEARCH_PATHS_QUOTED_FOR_TARGET_25)",
					"$(LIBRARY_SEARCH_PATHS_QUOTED_FOR_TARGET_26)",
					"$(LIBRARY_SEARCH_PATHS_QUOTED_FOR_TARGET_27)",
					"$(LIBRARY_SEARCH_PATHS_QUOTED_FOR_TARGET_28)",
					"$(LIBRARY_SEARCH_PATHS_QUOTED_FOR_TARGET_29)",
					"$(LIBRARY_SEARCH_PATHS_QUOTED_FOR_TARGET_30)",
					"$(LIBRARY_SEARCH_PATHS_QUOTED_FOR_TARGET_31)",
					"$(LIBRARY_SEARCH_PATHS_QUOTED_FOR_TARGET_32)",
					"$(LIBRARY_SEARCH_PATHS_QUOTED_FOR_TARGET_33)",
					"$(LIBRARY_SEARCH_PATHS_QUOTED_FOR_TARGET_34)",
					"$(LIBRARY_SEARCH_PATHS_QUOTED_FOR_TARGET_35)",
					"$(LIBRARY_SEARCH_PATHS_QUOTED_FOR_TARGET_36)",
					"$(LIBRARY_SEARCH_PATHS_QUOTED_FOR_TARGET_37)",
					"$(LIBRARY_SEARCH_PATHS_QUOTED_FOR_TARGET_38)",
					"$(LIBRARY_SEARCH_PATHS_QUOTED_FOR_TARGET_39)",
					"$(LIBRARY_SEARCH_PATHS_QUOTED_FOR_TARGET_40)",
					"$(LIBRARY_SEARCH_PATHS_QUOTED_FOR_TARGET_41)",
					"$(LIBRARY_SEARCH_PATHS_QUOTED_FOR_TARGET_42)",
					"$(LIBRARY_SEARCH_PATHS_QUOTED_FOR_TARGET_43)",
					"$(LIBRARY_SEARCH_PATHS_QUOTED_FOR_TARGET_44)",
					"$(LIBRARY_SEARCH_PATHS_QUOTED_FOR_TARGET_45)",
					"$(LIBRARY_SEARCH_PATHS_QUOTED_FOR_TARGET_46)",
					"$(LIBRARY_SEARCH_PATHS_QUOTED_FOR_TARGET_47)",
					"$(LIBRARY_SEARCH_PATHS_QUOTED_FOR_TARGET_48)",
					"$(LIBRARY_SEARCH_PATHS_QUOTED_FOR_TARGET_49)",
					"$(LIBRARY_SEARCH_PATHS_QUOTED_FOR_TARGET_50)",
					"$(LIBRARY_SEARCH_PATHS_QUOTED_FOR_TARGET_51)",
					"$(LIBRARY_SEARCH_PATHS_QUOTED_FOR_TARGET_52)",
				);
				PRODUCT_NAME = "$(TARGET_NAME)Debug";
				WRAPPER_EXTENSION = app;
			};
			name = Debug;
		};
		E4B69B610A3A1757003C02F2 /* Release */ = {
			isa = XCBuildConfiguration;
			buildSettings = {
				COMBINE_HIDPI_IMAGES = YES;
				COPY_PHASE_STRIP = YES;
				FRAMEWORK_SEARCH_PATHS = (
					"$(inherited)",
					"$(FRAMEWORK_SEARCH_PATHS_QUOTED_FOR_TARGET_1)",
				);
				FRAMEWORK_SEARCH_PATHS_QUOTED_FOR_TARGET_1 = "\"$(SRCROOT)/../../../../libs/glut/lib/osx\"";
				GCC_GENERATE_DEBUGGING_SYMBOLS = YES;
				GCC_MODEL_TUNING = NONE;
				ICON = "$(ICON_NAME_RELEASE)";
				ICON_FILE = "$(ICON_FILE_PATH)$(ICON)";
				INFOPLIST_FILE = "openFrameworks-Info.plist";
				INSTALL_PATH = "$(HOME)/Applications";
				LIBRARY_SEARCH_PATHS = (
					"$(inherited)",
					"$(LIBRARY_SEARCH_PATHS_QUOTED_FOR_TARGET_1)",
					"$(LIBRARY_SEARCH_PATHS_QUOTED_FOR_TARGET_2)",
					"$(LIBRARY_SEARCH_PATHS_QUOTED_FOR_TARGET_3)",
					"$(LIBRARY_SEARCH_PATHS_QUOTED_FOR_TARGET_4)",
					"$(LIBRARY_SEARCH_PATHS_QUOTED_FOR_TARGET_5)",
					"$(LIBRARY_SEARCH_PATHS_QUOTED_FOR_TARGET_6)",
					"$(LIBRARY_SEARCH_PATHS_QUOTED_FOR_TARGET_7)",
					"$(LIBRARY_SEARCH_PATHS_QUOTED_FOR_TARGET_8)",
					"$(LIBRARY_SEARCH_PATHS_QUOTED_FOR_TARGET_9)",
					"$(LIBRARY_SEARCH_PATHS_QUOTED_FOR_TARGET_10)",
					"$(LIBRARY_SEARCH_PATHS_QUOTED_FOR_TARGET_11)",
					"$(LIBRARY_SEARCH_PATHS_QUOTED_FOR_TARGET_12)",
					"$(LIBRARY_SEARCH_PATHS_QUOTED_FOR_TARGET_13)",
					"$(LIBRARY_SEARCH_PATHS_QUOTED_FOR_TARGET_14)",
					"$(LIBRARY_SEARCH_PATHS_QUOTED_FOR_TARGET_15)",
					"$(LIBRARY_SEARCH_PATHS_QUOTED_FOR_TARGET_2)",
					"$(LIBRARY_SEARCH_PATHS_QUOTED_1)",
					"$(LIBRARY_SEARCH_PATHS_QUOTED_FOR_TARGET_3)",
					"$(LIBRARY_SEARCH_PATHS_QUOTED_FOR_TARGET_7)",
					"$(LIBRARY_SEARCH_PATHS_QUOTED_FOR_TARGET_8)",
					"$(LIBRARY_SEARCH_PATHS_QUOTED_FOR_TARGET_9)",
					"$(LIBRARY_SEARCH_PATHS_QUOTED_FOR_TARGET_10)",
					"$(LIBRARY_SEARCH_PATHS_QUOTED_FOR_TARGET_11)",
					"$(LIBRARY_SEARCH_PATHS_QUOTED_FOR_TARGET_12)",
					"$(LIBRARY_SEARCH_PATHS_QUOTED_FOR_TARGET_13)",
					"$(LIBRARY_SEARCH_PATHS_QUOTED_FOR_TARGET_16)",
					"$(LIBRARY_SEARCH_PATHS_QUOTED_FOR_TARGET_17)",
					"$(LIBRARY_SEARCH_PATHS_QUOTED_FOR_TARGET_18)",
					"$(LIBRARY_SEARCH_PATHS_QUOTED_FOR_TARGET_19)",
					"$(LIBRARY_SEARCH_PATHS_QUOTED_FOR_TARGET_20)",
					"$(LIBRARY_SEARCH_PATHS_QUOTED_FOR_TARGET_21)",
					"$(LIBRARY_SEARCH_PATHS_QUOTED_FOR_TARGET_22)",
					"$(LIBRARY_SEARCH_PATHS_QUOTED_FOR_TARGET_23)",
					"$(LIBRARY_SEARCH_PATHS_QUOTED_FOR_TARGET_24)",
					"$(LIBRARY_SEARCH_PATHS_QUOTED_FOR_TARGET_25)",
					"$(LIBRARY_SEARCH_PATHS_QUOTED_FOR_TARGET_26)",
					"$(LIBRARY_SEARCH_PATHS_QUOTED_FOR_TARGET_27)",
					"$(LIBRARY_SEARCH_PATHS_QUOTED_FOR_TARGET_28)",
					"$(LIBRARY_SEARCH_PATHS_QUOTED_FOR_TARGET_29)",
					"$(LIBRARY_SEARCH_PATHS_QUOTED_FOR_TARGET_30)",
					"$(LIBRARY_SEARCH_PATHS_QUOTED_FOR_TARGET_31)",
					"$(LIBRARY_SEARCH_PATHS_QUOTED_FOR_TARGET_32)",
					"$(LIBRARY_SEARCH_PATHS_QUOTED_FOR_TARGET_33)",
					"$(LIBRARY_SEARCH_PATHS_QUOTED_FOR_TARGET_34)",
					"$(LIBRARY_SEARCH_PATHS_QUOTED_FOR_TARGET_35)",
					"$(LIBRARY_SEARCH_PATHS_QUOTED_FOR_TARGET_36)",
					"$(LIBRARY_SEARCH_PATHS_QUOTED_FOR_TARGET_37)",
					"$(LIBRARY_SEARCH_PATHS_QUOTED_FOR_TARGET_38)",
					"$(LIBRARY_SEARCH_PATHS_QUOTED_FOR_TARGET_39)",
					"$(LIBRARY_SEARCH_PATHS_QUOTED_FOR_TARGET_40)",
					"$(LIBRARY_SEARCH_PATHS_QUOTED_FOR_TARGET_41)",
					"$(LIBRARY_SEARCH_PATHS_QUOTED_FOR_TARGET_42)",
					"$(LIBRARY_SEARCH_PATHS_QUOTED_FOR_TARGET_43)",
					"$(LIBRARY_SEARCH_PATHS_QUOTED_FOR_TARGET_44)",
					"$(LIBRARY_SEARCH_PATHS_QUOTED_FOR_TARGET_45)",
					"$(LIBRARY_SEARCH_PATHS_QUOTED_FOR_TARGET_46)",
					"$(LIBRARY_SEARCH_PATHS_QUOTED_FOR_TARGET_47)",
					"$(LIBRARY_SEARCH_PATHS_QUOTED_FOR_TARGET_48)",
					"$(LIBRARY_SEARCH_PATHS_QUOTED_FOR_TARGET_49)",
					"$(LIBRARY_SEARCH_PATHS_QUOTED_FOR_TARGET_50)",
					"$(LIBRARY_SEARCH_PATHS_QUOTED_FOR_TARGET_51)",
				);
				PRODUCT_NAME = "$(TARGET_NAME)";
				WRAPPER_EXTENSION = app;
			};
			name = Release;
		};
/* End XCBuildConfiguration section */

/* Begin XCConfigurationList section */
		E4B69B4D0A3A1720003C02F2 /* Build configuration list for PBXProject "TheArtBosx" */ = {
			isa = XCConfigurationList;
			buildConfigurations = (
				E4B69B4E0A3A1720003C02F2 /* Debug */,
				E4B69B4F0A3A1720003C02F2 /* Release */,
			);
			defaultConfigurationIsVisible = 0;
			defaultConfigurationName = Release;
		};
		E4B69B5F0A3A1757003C02F2 /* Build configuration list for PBXNativeTarget "TheArtBosx" */ = {
			isa = XCConfigurationList;
			buildConfigurations = (
				E4B69B600A3A1757003C02F2 /* Debug */,
				E4B69B610A3A1757003C02F2 /* Release */,
			);
			defaultConfigurationIsVisible = 0;
			defaultConfigurationName = Release;
		};
/* End XCConfigurationList section */
	};
	rootObject = E4B69B4C0A3A1720003C02F2 /* Project object */;
}
